// !$*UTF8*$!
{
	archiveVersion = 1;
	classes = {
	};
	objectVersion = 55;
	objects = {

/* Begin PBXBuildFile section */
		63027FB5275C27D9004C14A2 /* AppDelegate.swift in Sources */ = {isa = PBXBuildFile; fileRef = 63027FB4275C27D9004C14A2 /* AppDelegate.swift */; };
		63027FB7275C27D9004C14A2 /* SceneDelegate.swift in Sources */ = {isa = PBXBuildFile; fileRef = 63027FB6275C27D9004C14A2 /* SceneDelegate.swift */; };
		63027FB9275C27D9004C14A2 /* HomeController.swift in Sources */ = {isa = PBXBuildFile; fileRef = 63027FB8275C27D9004C14A2 /* HomeController.swift */; };
		63027FBC275C27D9004C14A2 /* Main.storyboard in Resources */ = {isa = PBXBuildFile; fileRef = 63027FBA275C27D9004C14A2 /* Main.storyboard */; };
		63027FBE275C27DB004C14A2 /* Assets.xcassets in Resources */ = {isa = PBXBuildFile; fileRef = 63027FBD275C27DB004C14A2 /* Assets.xcassets */; };
		63027FC1275C27DB004C14A2 /* LaunchScreen.storyboard in Resources */ = {isa = PBXBuildFile; fileRef = 63027FBF275C27DB004C14A2 /* LaunchScreen.storyboard */; };
		6307B6BD280DF29A00E5AE2E /* CountdownView.swift in Sources */ = {isa = PBXBuildFile; fileRef = 6307B6BC280DF29A00E5AE2E /* CountdownView.swift */; };
		6307B6C0280DFB2F00E5AE2E /* Gorga-Grotesque-Bold.otf in Resources */ = {isa = PBXBuildFile; fileRef = 6307B6BF280DFB2F00E5AE2E /* Gorga-Grotesque-Bold.otf */; };
		6307B6C2280DFD7400E5AE2E /* ProfileBoxView.swift in Sources */ = {isa = PBXBuildFile; fileRef = 6307B6C1280DFB9300E5AE2E /* ProfileBoxView.swift */; };
		636AEA6A284A5473002B5A3F /* EmailInputViewController.swift in Sources */ = {isa = PBXBuildFile; fileRef = 636AEA69284A5473002B5A3F /* EmailInputViewController.swift */; };
		637BEB6827BB28C40074DD29 /* FindGameController.swift in Sources */ = {isa = PBXBuildFile; fileRef = 637BEB6727BB28C40074DD29 /* FindGameController.swift */; };
		637BEB6A27BB2BD20074DD29 /* ProfileCard.swift in Sources */ = {isa = PBXBuildFile; fileRef = 637BEB6927BB2BD20074DD29 /* ProfileCard.swift */; };
		637BEB6D27BB679E0074DD29 /* CustomViewControllerWithNav.swift in Sources */ = {isa = PBXBuildFile; fileRef = 637BEB6C27BB679E0074DD29 /* CustomViewControllerWithNav.swift */; };
		6390DD0228477B8C0025AD4E /* SignedOutViewController.swift in Sources */ = {isa = PBXBuildFile; fileRef = 6390DD0128477B8C0025AD4E /* SignedOutViewController.swift */; };
		6390DD0428477DEA0025AD4E /* ViewControllerWithGradient.swift in Sources */ = {isa = PBXBuildFile; fileRef = 6390DD0328477DEA0025AD4E /* ViewControllerWithGradient.swift */; };
		6390F904275C6E2000793B0A /* nearbyButton.swift in Sources */ = {isa = PBXBuildFile; fileRef = 6390F903275C6E2000793B0A /* nearbyButton.swift */; };
		6390F906275C7C1000793B0A /* Brown-Bold.ttf in Resources */ = {isa = PBXBuildFile; fileRef = 6390F905275C7C1000793B0A /* Brown-Bold.ttf */; };
		6390F908275D5B8100793B0A /* statBox.swift in Sources */ = {isa = PBXBuildFile; fileRef = 6390F907275D5B8100793B0A /* statBox.swift */; };
		6390F90A275D6B6100793B0A /* Gilroy-ExtraBold.otf in Resources */ = {isa = PBXBuildFile; fileRef = 6390F909275D6B6100793B0A /* Gilroy-ExtraBold.otf */; };
		6390F90C275D7B4400793B0A /* CircularImageView.swift in Sources */ = {isa = PBXBuildFile; fileRef = 6390F90B275D7B4400793B0A /* CircularImageView.swift */; };
		63B8FF852841937B0004B06B /* CountdownViewController.swift in Sources */ = {isa = PBXBuildFile; fileRef = 63B8FF842841937A0004B06B /* CountdownViewController.swift */; };
		63FE760E2836EE2400FE6A6E /* MainViewController.swift in Sources */ = {isa = PBXBuildFile; fileRef = 63FE760D2836EE2400FE6A6E /* MainViewController.swift */; };
		63FE7610283724E700FE6A6E /* MessagesViewController.swift in Sources */ = {isa = PBXBuildFile; fileRef = 63FE760F283724E700FE6A6E /* MessagesViewController.swift */; };
		63FE76122837264500FE6A6E /* RankingsViewController.swift in Sources */ = {isa = PBXBuildFile; fileRef = 63FE76112837264500FE6A6E /* RankingsViewController.swift */; };
		63FE76142838745D00FE6A6E /* Gilroy-Bold.ttf in Resources */ = {isa = PBXBuildFile; fileRef = 63FE76132838745D00FE6A6E /* Gilroy-Bold.ttf */; };
		63FE7616283AD9AA00FE6A6E /* inviteFriendView.swift in Sources */ = {isa = PBXBuildFile; fileRef = 63FE7615283AD9AA00FE6A6E /* inviteFriendView.swift */; };
		63FE7618283B2ED000FE6A6E /* UserCell.swift in Sources */ = {isa = PBXBuildFile; fileRef = 63FE7617283B2ED000FE6A6E /* UserCell.swift */; };
		63FE761A283C33F800FE6A6E /* HistoryViewController.swift in Sources */ = {isa = PBXBuildFile; fileRef = 63FE7619283C33F800FE6A6E /* HistoryViewController.swift */; };
		63FE761C283C4DD700FE6A6E /* ViewControllerWithHeader.swift in Sources */ = {isa = PBXBuildFile; fileRef = 63FE761B283C4DD700FE6A6E /* ViewControllerWithHeader.swift */; };
		63FE761F283C623700FE6A6E /* User.swift in Sources */ = {isa = PBXBuildFile; fileRef = 63FE761E283C623700FE6A6E /* User.swift */; };
		63FE7621283C630000FE6A6E /* Message.swift in Sources */ = {isa = PBXBuildFile; fileRef = 63FE7620283C630000FE6A6E /* Message.swift */; };
		63FE7623283C662900FE6A6E /* MessageCell.swift in Sources */ = {isa = PBXBuildFile; fileRef = 63FE7622283C662900FE6A6E /* MessageCell.swift */; };
/* End PBXBuildFile section */

/* Begin PBXFileReference section */
		63027FB1275C27D9004C14A2 /* Batch.app */ = {isa = PBXFileReference; explicitFileType = wrapper.application; includeInIndex = 0; path = Batch.app; sourceTree = BUILT_PRODUCTS_DIR; };
		63027FB4275C27D9004C14A2 /* AppDelegate.swift */ = {isa = PBXFileReference; lastKnownFileType = sourcecode.swift; path = AppDelegate.swift; sourceTree = "<group>"; };
		63027FB6275C27D9004C14A2 /* SceneDelegate.swift */ = {isa = PBXFileReference; lastKnownFileType = sourcecode.swift; path = SceneDelegate.swift; sourceTree = "<group>"; };
		63027FB8275C27D9004C14A2 /* HomeController.swift */ = {isa = PBXFileReference; lastKnownFileType = sourcecode.swift; path = HomeController.swift; sourceTree = "<group>"; };
		63027FBB275C27D9004C14A2 /* Base */ = {isa = PBXFileReference; lastKnownFileType = file.storyboard; name = Base; path = Base.lproj/Main.storyboard; sourceTree = "<group>"; };
		63027FBD275C27DB004C14A2 /* Assets.xcassets */ = {isa = PBXFileReference; lastKnownFileType = folder.assetcatalog; path = Assets.xcassets; sourceTree = "<group>"; };
		63027FC0275C27DB004C14A2 /* Base */ = {isa = PBXFileReference; lastKnownFileType = file.storyboard; name = Base; path = Base.lproj/LaunchScreen.storyboard; sourceTree = "<group>"; };
		63027FC2275C27DB004C14A2 /* Info.plist */ = {isa = PBXFileReference; lastKnownFileType = text.plist.xml; path = Info.plist; sourceTree = "<group>"; };
		6307B6BC280DF29A00E5AE2E /* CountdownView.swift */ = {isa = PBXFileReference; lastKnownFileType = sourcecode.swift; path = CountdownView.swift; sourceTree = "<group>"; };
		6307B6BF280DFB2F00E5AE2E /* Gorga-Grotesque-Bold.otf */ = {isa = PBXFileReference; lastKnownFileType = file; path = "Gorga-Grotesque-Bold.otf"; sourceTree = "<group>"; };
		6307B6C1280DFB9300E5AE2E /* ProfileBoxView.swift */ = {isa = PBXFileReference; lastKnownFileType = sourcecode.swift; path = ProfileBoxView.swift; sourceTree = "<group>"; };
		636AEA69284A5473002B5A3F /* EmailInputViewController.swift */ = {isa = PBXFileReference; lastKnownFileType = sourcecode.swift; path = EmailInputViewController.swift; sourceTree = "<group>"; };
		637BEB6727BB28C40074DD29 /* FindGameController.swift */ = {isa = PBXFileReference; lastKnownFileType = sourcecode.swift; path = FindGameController.swift; sourceTree = "<group>"; };
		637BEB6927BB2BD20074DD29 /* ProfileCard.swift */ = {isa = PBXFileReference; lastKnownFileType = sourcecode.swift; path = ProfileCard.swift; sourceTree = "<group>"; };
		637BEB6C27BB679E0074DD29 /* CustomViewControllerWithNav.swift */ = {isa = PBXFileReference; lastKnownFileType = sourcecode.swift; path = CustomViewControllerWithNav.swift; sourceTree = "<group>"; };
		6390DD0128477B8C0025AD4E /* SignedOutViewController.swift */ = {isa = PBXFileReference; lastKnownFileType = sourcecode.swift; path = SignedOutViewController.swift; sourceTree = "<group>"; };
		6390DD0328477DEA0025AD4E /* ViewControllerWithGradient.swift */ = {isa = PBXFileReference; lastKnownFileType = sourcecode.swift; path = ViewControllerWithGradient.swift; sourceTree = "<group>"; };
		6390F903275C6E2000793B0A /* nearbyButton.swift */ = {isa = PBXFileReference; lastKnownFileType = sourcecode.swift; path = nearbyButton.swift; sourceTree = "<group>"; };
		6390F905275C7C1000793B0A /* Brown-Bold.ttf */ = {isa = PBXFileReference; lastKnownFileType = file; path = "Brown-Bold.ttf"; sourceTree = "<group>"; };
		6390F907275D5B8100793B0A /* statBox.swift */ = {isa = PBXFileReference; lastKnownFileType = sourcecode.swift; path = statBox.swift; sourceTree = "<group>"; };
		6390F909275D6B6100793B0A /* Gilroy-ExtraBold.otf */ = {isa = PBXFileReference; lastKnownFileType = file; path = "Gilroy-ExtraBold.otf"; sourceTree = "<group>"; };
		6390F90B275D7B4400793B0A /* CircularImageView.swift */ = {isa = PBXFileReference; lastKnownFileType = sourcecode.swift; path = CircularImageView.swift; sourceTree = "<group>"; };
		63B8FF842841937A0004B06B /* CountdownViewController.swift */ = {isa = PBXFileReference; lastKnownFileType = sourcecode.swift; path = CountdownViewController.swift; sourceTree = "<group>"; };
		63FE760D2836EE2400FE6A6E /* MainViewController.swift */ = {isa = PBXFileReference; lastKnownFileType = sourcecode.swift; path = MainViewController.swift; sourceTree = "<group>"; };
		63FE760F283724E700FE6A6E /* MessagesViewController.swift */ = {isa = PBXFileReference; lastKnownFileType = sourcecode.swift; path = MessagesViewController.swift; sourceTree = "<group>"; };
		63FE76112837264500FE6A6E /* RankingsViewController.swift */ = {isa = PBXFileReference; lastKnownFileType = sourcecode.swift; path = RankingsViewController.swift; sourceTree = "<group>"; };
		63FE76132838745D00FE6A6E /* Gilroy-Bold.ttf */ = {isa = PBXFileReference; lastKnownFileType = file; name = "Gilroy-Bold.ttf"; path = "../../../../Fonts/Gilroy-Bold.ttf"; sourceTree = "<group>"; };
		63FE7615283AD9AA00FE6A6E /* inviteFriendView.swift */ = {isa = PBXFileReference; lastKnownFileType = sourcecode.swift; path = inviteFriendView.swift; sourceTree = "<group>"; };
		63FE7617283B2ED000FE6A6E /* UserCell.swift */ = {isa = PBXFileReference; lastKnownFileType = sourcecode.swift; path = UserCell.swift; sourceTree = "<group>"; };
		63FE7619283C33F800FE6A6E /* HistoryViewController.swift */ = {isa = PBXFileReference; lastKnownFileType = sourcecode.swift; path = HistoryViewController.swift; sourceTree = "<group>"; };
		63FE761B283C4DD700FE6A6E /* ViewControllerWithHeader.swift */ = {isa = PBXFileReference; lastKnownFileType = sourcecode.swift; path = ViewControllerWithHeader.swift; sourceTree = "<group>"; };
		63FE761E283C623700FE6A6E /* User.swift */ = {isa = PBXFileReference; lastKnownFileType = sourcecode.swift; path = User.swift; sourceTree = "<group>"; };
		63FE7620283C630000FE6A6E /* Message.swift */ = {isa = PBXFileReference; lastKnownFileType = sourcecode.swift; path = Message.swift; sourceTree = "<group>"; };
		63FE7622283C662900FE6A6E /* MessageCell.swift */ = {isa = PBXFileReference; lastKnownFileType = sourcecode.swift; path = MessageCell.swift; sourceTree = "<group>"; };
/* End PBXFileReference section */

/* Begin PBXFrameworksBuildPhase section */
		63027FAE275C27D9004C14A2 /* Frameworks */ = {
			isa = PBXFrameworksBuildPhase;
			buildActionMask = 2147483647;
			files = (
			);
			runOnlyForDeploymentPostprocessing = 0;
		};
/* End PBXFrameworksBuildPhase section */

/* Begin PBXGroup section */
		63027FA8275C27D9004C14A2 = {
			isa = PBXGroup;
			children = (
				63027FB3275C27D9004C14A2 /* Batch */,
				63027FB2275C27D9004C14A2 /* Products */,
			);
			sourceTree = "<group>";
		};
		63027FB2275C27D9004C14A2 /* Products */ = {
			isa = PBXGroup;
			children = (
				63027FB1275C27D9004C14A2 /* Batch.app */,
			);
			name = Products;
			sourceTree = "<group>";
		};
		63027FB3275C27D9004C14A2 /* Batch */ = {
			isa = PBXGroup;
			children = (
				637BEB6B27BB676B0074DD29 /* ExtensionsandElements */,
				63027FB4275C27D9004C14A2 /* AppDelegate.swift */,
				63FE761D283C61FA00FE6A6E /* Models */,
				637BEB6627BB289E0074DD29 /* Controllers */,
				63027FB6275C27D9004C14A2 /* SceneDelegate.swift */,
				6390F902275C6DD600793B0A /* Views */,
				63027FBA275C27D9004C14A2 /* Main.storyboard */,
				63027FBD275C27DB004C14A2 /* Assets.xcassets */,
				63027FBF275C27DB004C14A2 /* LaunchScreen.storyboard */,
				63027FC2275C27DB004C14A2 /* Info.plist */,
				63027FC8275C526C004C14A2 /* Fonts */,
			);
			path = Batch;
			sourceTree = "<group>";
		};
		63027FC8275C526C004C14A2 /* Fonts */ = {
			isa = PBXGroup;
			children = (
				6390F909275D6B6100793B0A /* Gilroy-ExtraBold.otf */,
				6390F905275C7C1000793B0A /* Brown-Bold.ttf */,
				6307B6BF280DFB2F00E5AE2E /* Gorga-Grotesque-Bold.otf */,
				63FE76132838745D00FE6A6E /* Gilroy-Bold.ttf */,
			);
			path = Fonts;
			sourceTree = "<group>";
		};
		637BEB6627BB289E0074DD29 /* Controllers */ = {
			isa = PBXGroup;
			children = (
				63027FB8275C27D9004C14A2 /* HomeController.swift */,
				6390DD0128477B8C0025AD4E /* SignedOutViewController.swift */,
				636AEA69284A5473002B5A3F /* EmailInputViewController.swift */,
				63FE760F283724E700FE6A6E /* MessagesViewController.swift */,
				63FE760D2836EE2400FE6A6E /* MainViewController.swift */,
				63FE7619283C33F800FE6A6E /* HistoryViewController.swift */,
				63FE761B283C4DD700FE6A6E /* ViewControllerWithHeader.swift */,
				63FE76112837264500FE6A6E /* RankingsViewController.swift */,
				637BEB6727BB28C40074DD29 /* FindGameController.swift */,
				63B8FF842841937A0004B06B /* CountdownViewController.swift */,
				6390DD0328477DEA0025AD4E /* ViewControllerWithGradient.swift */,
			);
			path = Controllers;
			sourceTree = "<group>";
		};
		637BEB6B27BB676B0074DD29 /* ExtensionsandElements */ = {
			isa = PBXGroup;
			children = (
				637BEB6C27BB679E0074DD29 /* CustomViewControllerWithNav.swift */,
			);
			path = ExtensionsandElements;
			sourceTree = "<group>";
		};
		6390F902275C6DD600793B0A /* Views */ = {
			isa = PBXGroup;
			children = (
				6390F903275C6E2000793B0A /* nearbyButton.swift */,
				63FE7615283AD9AA00FE6A6E /* inviteFriendView.swift */,
				6307B6BC280DF29A00E5AE2E /* CountdownView.swift */,
				6307B6C1280DFB9300E5AE2E /* ProfileBoxView.swift */,
				6390F907275D5B8100793B0A /* statBox.swift */,
				637BEB6927BB2BD20074DD29 /* ProfileCard.swift */,
				6390F90B275D7B4400793B0A /* CircularImageView.swift */,
				63FE7617283B2ED000FE6A6E /* UserCell.swift */,
				63FE7622283C662900FE6A6E /* MessageCell.swift */,
			);
			path = Views;
			sourceTree = "<group>";
		};
		63FE761D283C61FA00FE6A6E /* Models */ = {
			isa = PBXGroup;
			children = (
				63FE761E283C623700FE6A6E /* User.swift */,
				63FE7620283C630000FE6A6E /* Message.swift */,
			);
			path = Models;
			sourceTree = "<group>";
		};
/* End PBXGroup section */

/* Begin PBXNativeTarget section */
		63027FB0275C27D9004C14A2 /* Batch */ = {
			isa = PBXNativeTarget;
			buildConfigurationList = 63027FC5275C27DB004C14A2 /* Build configuration list for PBXNativeTarget "Batch" */;
			buildPhases = (
				63027FAD275C27D9004C14A2 /* Sources */,
				63027FAE275C27D9004C14A2 /* Frameworks */,
				63027FAF275C27D9004C14A2 /* Resources */,
			);
			buildRules = (
			);
			dependencies = (
			);
			name = Batch;
			productName = Batch;
			productReference = 63027FB1275C27D9004C14A2 /* Batch.app */;
			productType = "com.apple.product-type.application";
		};
/* End PBXNativeTarget section */

/* Begin PBXProject section */
		63027FA9275C27D9004C14A2 /* Project object */ = {
			isa = PBXProject;
			attributes = {
				BuildIndependentTargetsInParallel = 1;
				LastSwiftUpdateCheck = 1310;
				LastUpgradeCheck = 1310;
				TargetAttributes = {
					63027FB0275C27D9004C14A2 = {
						CreatedOnToolsVersion = 13.1;
					};
				};
			};
			buildConfigurationList = 63027FAC275C27D9004C14A2 /* Build configuration list for PBXProject "Batch" */;
			compatibilityVersion = "Xcode 13.0";
			developmentRegion = en;
			hasScannedForEncodings = 0;
			knownRegions = (
				en,
				Base,
			);
			mainGroup = 63027FA8275C27D9004C14A2;
			productRefGroup = 63027FB2275C27D9004C14A2 /* Products */;
			projectDirPath = "";
			projectRoot = "";
			targets = (
				63027FB0275C27D9004C14A2 /* Batch */,
			);
		};
/* End PBXProject section */

/* Begin PBXResourcesBuildPhase section */
		63027FAF275C27D9004C14A2 /* Resources */ = {
			isa = PBXResourcesBuildPhase;
			buildActionMask = 2147483647;
			files = (
				6390F906275C7C1000793B0A /* Brown-Bold.ttf in Resources */,
				63027FC1275C27DB004C14A2 /* LaunchScreen.storyboard in Resources */,
				63027FBE275C27DB004C14A2 /* Assets.xcassets in Resources */,
				63FE76142838745D00FE6A6E /* Gilroy-Bold.ttf in Resources */,
				6307B6C0280DFB2F00E5AE2E /* Gorga-Grotesque-Bold.otf in Resources */,
				63027FBC275C27D9004C14A2 /* Main.storyboard in Resources */,
				6390F90A275D6B6100793B0A /* Gilroy-ExtraBold.otf in Resources */,
			);
			runOnlyForDeploymentPostprocessing = 0;
		};
/* End PBXResourcesBuildPhase section */

/* Begin PBXSourcesBuildPhase section */
		63027FAD275C27D9004C14A2 /* Sources */ = {
			isa = PBXSourcesBuildPhase;
			buildActionMask = 2147483647;
			files = (
				6390DD0428477DEA0025AD4E /* ViewControllerWithGradient.swift in Sources */,
				636AEA6A284A5473002B5A3F /* EmailInputViewController.swift in Sources */,
				63027FB9275C27D9004C14A2 /* HomeController.swift in Sources */,
				6390F90C275D7B4400793B0A /* CircularImageView.swift in Sources */,
				63FE7610283724E700FE6A6E /* MessagesViewController.swift in Sources */,
				63027FB5275C27D9004C14A2 /* AppDelegate.swift in Sources */,
				63FE76122837264500FE6A6E /* RankingsViewController.swift in Sources */,
				63FE760E2836EE2400FE6A6E /* MainViewController.swift in Sources */,
				6390DD0228477B8C0025AD4E /* SignedOutViewController.swift in Sources */,
				63FE7616283AD9AA00FE6A6E /* inviteFriendView.swift in Sources */,
				6307B6C2280DFD7400E5AE2E /* ProfileBoxView.swift in Sources */,
				63FE7618283B2ED000FE6A6E /* UserCell.swift in Sources */,
				637BEB6D27BB679E0074DD29 /* CustomViewControllerWithNav.swift in Sources */,
				6390F904275C6E2000793B0A /* nearbyButton.swift in Sources */,
				6390F908275D5B8100793B0A /* statBox.swift in Sources */,
				63B8FF852841937B0004B06B /* CountdownViewController.swift in Sources */,
				6307B6BD280DF29A00E5AE2E /* CountdownView.swift in Sources */,
				63027FB7275C27D9004C14A2 /* SceneDelegate.swift in Sources */,
				637BEB6827BB28C40074DD29 /* FindGameController.swift in Sources */,
				63FE761A283C33F800FE6A6E /* HistoryViewController.swift in Sources */,
				637BEB6A27BB2BD20074DD29 /* ProfileCard.swift in Sources */,
				63FE7621283C630000FE6A6E /* Message.swift in Sources */,
				63FE761C283C4DD700FE6A6E /* ViewControllerWithHeader.swift in Sources */,
				63FE761F283C623700FE6A6E /* User.swift in Sources */,
				63FE7623283C662900FE6A6E /* MessageCell.swift in Sources */,
			);
			runOnlyForDeploymentPostprocessing = 0;
		};
/* End PBXSourcesBuildPhase section */

/* Begin PBXVariantGroup section */
		63027FBA275C27D9004C14A2 /* Main.storyboard */ = {
			isa = PBXVariantGroup;
			children = (
				63027FBB275C27D9004C14A2 /* Base */,
			);
			name = Main.storyboard;
			sourceTree = "<group>";
		};
		63027FBF275C27DB004C14A2 /* LaunchScreen.storyboard */ = {
			isa = PBXVariantGroup;
			children = (
				63027FC0275C27DB004C14A2 /* Base */,
			);
			name = LaunchScreen.storyboard;
			sourceTree = "<group>";
		};
/* End PBXVariantGroup section */

/* Begin XCBuildConfiguration section */
		63027FC3275C27DB004C14A2 /* Debug */ = {
			isa = XCBuildConfiguration;
			buildSettings = {
				ALWAYS_SEARCH_USER_PATHS = NO;
				CLANG_ANALYZER_NONNULL = YES;
				CLANG_ANALYZER_NUMBER_OBJECT_CONVERSION = YES_AGGRESSIVE;
				CLANG_CXX_LANGUAGE_STANDARD = "gnu++17";
				CLANG_CXX_LIBRARY = "libc++";
				CLANG_ENABLE_MODULES = YES;
				CLANG_ENABLE_OBJC_ARC = YES;
				CLANG_ENABLE_OBJC_WEAK = YES;
				CLANG_WARN_BLOCK_CAPTURE_AUTORELEASING = YES;
				CLANG_WARN_BOOL_CONVERSION = YES;
				CLANG_WARN_COMMA = YES;
				CLANG_WARN_CONSTANT_CONVERSION = YES;
				CLANG_WARN_DEPRECATED_OBJC_IMPLEMENTATIONS = YES;
				CLANG_WARN_DIRECT_OBJC_ISA_USAGE = YES_ERROR;
				CLANG_WARN_DOCUMENTATION_COMMENTS = YES;
				CLANG_WARN_EMPTY_BODY = YES;
				CLANG_WARN_ENUM_CONVERSION = YES;
				CLANG_WARN_INFINITE_RECURSION = YES;
				CLANG_WARN_INT_CONVERSION = YES;
				CLANG_WARN_NON_LITERAL_NULL_CONVERSION = YES;
				CLANG_WARN_OBJC_IMPLICIT_RETAIN_SELF = YES;
				CLANG_WARN_OBJC_LITERAL_CONVERSION = YES;
				CLANG_WARN_OBJC_ROOT_CLASS = YES_ERROR;
				CLANG_WARN_QUOTED_INCLUDE_IN_FRAMEWORK_HEADER = YES;
				CLANG_WARN_RANGE_LOOP_ANALYSIS = YES;
				CLANG_WARN_STRICT_PROTOTYPES = YES;
				CLANG_WARN_SUSPICIOUS_MOVE = YES;
				CLANG_WARN_UNGUARDED_AVAILABILITY = YES_AGGRESSIVE;
				CLANG_WARN_UNREACHABLE_CODE = YES;
				CLANG_WARN__DUPLICATE_METHOD_MATCH = YES;
				COPY_PHASE_STRIP = NO;
				DEBUG_INFORMATION_FORMAT = dwarf;
				ENABLE_STRICT_OBJC_MSGSEND = YES;
				ENABLE_TESTABILITY = YES;
				GCC_C_LANGUAGE_STANDARD = gnu11;
				GCC_DYNAMIC_NO_PIC = NO;
				GCC_NO_COMMON_BLOCKS = YES;
				GCC_OPTIMIZATION_LEVEL = 0;
				GCC_PREPROCESSOR_DEFINITIONS = (
					"DEBUG=1",
					"$(inherited)",
				);
				GCC_WARN_64_TO_32_BIT_CONVERSION = YES;
				GCC_WARN_ABOUT_RETURN_TYPE = YES_ERROR;
				GCC_WARN_UNDECLARED_SELECTOR = YES;
				GCC_WARN_UNINITIALIZED_AUTOS = YES_AGGRESSIVE;
				GCC_WARN_UNUSED_FUNCTION = YES;
				GCC_WARN_UNUSED_VARIABLE = YES;
				IPHONEOS_DEPLOYMENT_TARGET = 15.0;
				MTL_ENABLE_DEBUG_INFO = INCLUDE_SOURCE;
				MTL_FAST_MATH = YES;
				ONLY_ACTIVE_ARCH = YES;
				SDKROOT = iphoneos;
				SWIFT_ACTIVE_COMPILATION_CONDITIONS = DEBUG;
				SWIFT_OPTIMIZATION_LEVEL = "-Onone";
			};
			name = Debug;
		};
		63027FC4275C27DB004C14A2 /* Release */ = {
			isa = XCBuildConfiguration;
			buildSettings = {
				ALWAYS_SEARCH_USER_PATHS = NO;
				CLANG_ANALYZER_NONNULL = YES;
				CLANG_ANALYZER_NUMBER_OBJECT_CONVERSION = YES_AGGRESSIVE;
				CLANG_CXX_LANGUAGE_STANDARD = "gnu++17";
				CLANG_CXX_LIBRARY = "libc++";
				CLANG_ENABLE_MODULES = YES;
				CLANG_ENABLE_OBJC_ARC = YES;
				CLANG_ENABLE_OBJC_WEAK = YES;
				CLANG_WARN_BLOCK_CAPTURE_AUTORELEASING = YES;
				CLANG_WARN_BOOL_CONVERSION = YES;
				CLANG_WARN_COMMA = YES;
				CLANG_WARN_CONSTANT_CONVERSION = YES;
				CLANG_WARN_DEPRECATED_OBJC_IMPLEMENTATIONS = YES;
				CLANG_WARN_DIRECT_OBJC_ISA_USAGE = YES_ERROR;
				CLANG_WARN_DOCUMENTATION_COMMENTS = YES;
				CLANG_WARN_EMPTY_BODY = YES;
				CLANG_WARN_ENUM_CONVERSION = YES;
				CLANG_WARN_INFINITE_RECURSION = YES;
				CLANG_WARN_INT_CONVERSION = YES;
				CLANG_WARN_NON_LITERAL_NULL_CONVERSION = YES;
				CLANG_WARN_OBJC_IMPLICIT_RETAIN_SELF = YES;
				CLANG_WARN_OBJC_LITERAL_CONVERSION = YES;
				CLANG_WARN_OBJC_ROOT_CLASS = YES_ERROR;
				CLANG_WARN_QUOTED_INCLUDE_IN_FRAMEWORK_HEADER = YES;
				CLANG_WARN_RANGE_LOOP_ANALYSIS = YES;
				CLANG_WARN_STRICT_PROTOTYPES = YES;
				CLANG_WARN_SUSPICIOUS_MOVE = YES;
				CLANG_WARN_UNGUARDED_AVAILABILITY = YES_AGGRESSIVE;
				CLANG_WARN_UNREACHABLE_CODE = YES;
				CLANG_WARN__DUPLICATE_METHOD_MATCH = YES;
				COPY_PHASE_STRIP = NO;
				DEBUG_INFORMATION_FORMAT = "dwarf-with-dsym";
				ENABLE_NS_ASSERTIONS = NO;
				ENABLE_STRICT_OBJC_MSGSEND = YES;
				GCC_C_LANGUAGE_STANDARD = gnu11;
				GCC_NO_COMMON_BLOCKS = YES;
				GCC_WARN_64_TO_32_BIT_CONVERSION = YES;
				GCC_WARN_ABOUT_RETURN_TYPE = YES_ERROR;
				GCC_WARN_UNDECLARED_SELECTOR = YES;
				GCC_WARN_UNINITIALIZED_AUTOS = YES_AGGRESSIVE;
				GCC_WARN_UNUSED_FUNCTION = YES;
				GCC_WARN_UNUSED_VARIABLE = YES;
				IPHONEOS_DEPLOYMENT_TARGET = 15.0;
				MTL_ENABLE_DEBUG_INFO = NO;
				MTL_FAST_MATH = YES;
				SDKROOT = iphoneos;
				SWIFT_COMPILATION_MODE = wholemodule;
				SWIFT_OPTIMIZATION_LEVEL = "-O";
				VALIDATE_PRODUCT = YES;
			};
			name = Release;
		};
		63027FC6275C27DB004C14A2 /* Debug */ = {
			isa = XCBuildConfiguration;
			buildSettings = {
				ASSETCATALOG_COMPILER_APPICON_NAME = AppIcon;
				ASSETCATALOG_COMPILER_GLOBAL_ACCENT_COLOR_NAME = AccentColor;
				CODE_SIGN_STYLE = Automatic;
				CURRENT_PROJECT_VERSION = 1;
				DEVELOPMENT_TEAM = 6P6293GJ2Z;
				GENERATE_INFOPLIST_FILE = YES;
				INFOPLIST_FILE = Batch/Info.plist;
				INFOPLIST_KEY_UIApplicationSupportsIndirectInputEvents = YES;
				INFOPLIST_KEY_UILaunchStoryboardName = LaunchScreen;
				INFOPLIST_KEY_UIMainStoryboardFile = Main;
				INFOPLIST_KEY_UISupportedInterfaceOrientations_iPad = "UIInterfaceOrientationPortrait UIInterfaceOrientationPortraitUpsideDown UIInterfaceOrientationLandscapeLeft UIInterfaceOrientationLandscapeRight";
				INFOPLIST_KEY_UISupportedInterfaceOrientations_iPhone = "UIInterfaceOrientationPortrait UIInterfaceOrientationLandscapeLeft UIInterfaceOrientationLandscapeRight";
				IPHONEOS_DEPLOYMENT_TARGET = 14.0;
				LD_RUNPATH_SEARCH_PATHS = (
					"$(inherited)",
					"@executable_path/Frameworks",
				);
				MARKETING_VERSION = 1.0;
				PRODUCT_BUNDLE_IDENTIFIER = com.bethebatch.Batch;
				PRODUCT_NAME = "$(TARGET_NAME)";
				SWIFT_EMIT_LOC_STRINGS = YES;
				SWIFT_VERSION = 5.0;
				TARGETED_DEVICE_FAMILY = "1,2";
			};
			name = Debug;
		};
		63027FC7275C27DB004C14A2 /* Release */ = {
			isa = XCBuildConfiguration;
			buildSettings = {
				ASSETCATALOG_COMPILER_APPICON_NAME = AppIcon;
				ASSETCATALOG_COMPILER_GLOBAL_ACCENT_COLOR_NAME = AccentColor;
				CODE_SIGN_STYLE = Automatic;
				CURRENT_PROJECT_VERSION = 1;
				DEVELOPMENT_TEAM = 6P6293GJ2Z;
				GENERATE_INFOPLIST_FILE = YES;
				INFOPLIST_FILE = Batch/Info.plist;
				INFOPLIST_KEY_UIApplicationSupportsIndirectInputEvents = YES;
				INFOPLIST_KEY_UILaunchStoryboardName = LaunchScreen;
				INFOPLIST_KEY_UIMainStoryboardFile = Main;
				INFOPLIST_KEY_UISupportedInterfaceOrientations_iPad = "UIInterfaceOrientationPortrait UIInterfaceOrientationPortraitUpsideDown UIInterfaceOrientationLandscapeLeft UIInterfaceOrientationLandscapeRight";
				INFOPLIST_KEY_UISupportedInterfaceOrientations_iPhone = "UIInterfaceOrientationPortrait UIInterfaceOrientationLandscapeLeft UIInterfaceOrientationLandscapeRight";
				IPHONEOS_DEPLOYMENT_TARGET = 14.0;
				LD_RUNPATH_SEARCH_PATHS = (
					"$(inherited)",
					"@executable_path/Frameworks",
				);
				MARKETING_VERSION = 1.0;
				PRODUCT_BUNDLE_IDENTIFIER = com.bethebatch.Batch;
				PRODUCT_NAME = "$(TARGET_NAME)";
				SWIFT_EMIT_LOC_STRINGS = YES;
				SWIFT_VERSION = 5.0;
				TARGETED_DEVICE_FAMILY = "1,2";
			};
			name = Release;
		};
/* End XCBuildConfiguration section */

/* Begin XCConfigurationList section */
		63027FAC275C27D9004C14A2 /* Build configuration list for PBXProject "Batch" */ = {
			isa = XCConfigurationList;
			buildConfigurations = (
				63027FC3275C27DB004C14A2 /* Debug */,
				63027FC4275C27DB004C14A2 /* Release */,
			);
			defaultConfigurationIsVisible = 0;
			defaultConfigurationName = Release;
		};
		63027FC5275C27DB004C14A2 /* Build configuration list for PBXNativeTarget "Batch" */ = {
			isa = XCConfigurationList;
			buildConfigurations = (
				63027FC6275C27DB004C14A2 /* Debug */,
				63027FC7275C27DB004C14A2 /* Release */,
			);
			defaultConfigurationIsVisible = 0;
			defaultConfigurationName = Release;
		};
/* End XCConfigurationList section */
	};
	rootObject = 63027FA9275C27D9004C14A2 /* Project object */;
}
