// !$*UTF8*$!
{
	archiveVersion = 1;
	classes = {
	};
	objectVersion = 55;
	objects = {

/* Begin PBXBuildFile section */
		56A137E74388A24C16F80400 /* Pods_Batch.framework in Frameworks */ = {isa = PBXBuildFile; fileRef = 5645D1C11B4A31591A7EF1D7 /* Pods_Batch.framework */; };
		6301C929287E1E98003B303D /* UserPhotosCollectionView.swift in Sources */ = {isa = PBXBuildFile; fileRef = 6301C928287E1E98003B303D /* UserPhotosCollectionView.swift */; };
		6301C92C287E62D5003B303D /* UserPhotoCell.swift in Sources */ = {isa = PBXBuildFile; fileRef = 6301C92B287E62D5003B303D /* UserPhotoCell.swift */; };
		63027FB5275C27D9004C14A2 /* AppDelegate.swift in Sources */ = {isa = PBXBuildFile; fileRef = 63027FB4275C27D9004C14A2 /* AppDelegate.swift */; };
		63027FB7275C27D9004C14A2 /* SceneDelegate.swift in Sources */ = {isa = PBXBuildFile; fileRef = 63027FB6275C27D9004C14A2 /* SceneDelegate.swift */; };
		63027FB9275C27D9004C14A2 /* HomeController.swift in Sources */ = {isa = PBXBuildFile; fileRef = 63027FB8275C27D9004C14A2 /* HomeController.swift */; };
		63027FBC275C27D9004C14A2 /* Main.storyboard in Resources */ = {isa = PBXBuildFile; fileRef = 63027FBA275C27D9004C14A2 /* Main.storyboard */; };
		63027FBE275C27DB004C14A2 /* Assets.xcassets in Resources */ = {isa = PBXBuildFile; fileRef = 63027FBD275C27DB004C14A2 /* Assets.xcassets */; };
		63027FC1275C27DB004C14A2 /* LaunchScreen.storyboard in Resources */ = {isa = PBXBuildFile; fileRef = 63027FBF275C27DB004C14A2 /* LaunchScreen.storyboard */; };
		6307B6BD280DF29A00E5AE2E /* CountdownPreviewView.swift in Sources */ = {isa = PBXBuildFile; fileRef = 6307B6BC280DF29A00E5AE2E /* CountdownPreviewView.swift */; };
		6307B6C0280DFB2F00E5AE2E /* Gorga-Grotesque-Bold.otf in Resources */ = {isa = PBXBuildFile; fileRef = 6307B6BF280DFB2F00E5AE2E /* Gorga-Grotesque-Bold.otf */; };
		6307B6C2280DFD7400E5AE2E /* ProfileBoxView.swift in Sources */ = {isa = PBXBuildFile; fileRef = 6307B6C1280DFB9300E5AE2E /* ProfileBoxView.swift */; };
		630CE4B5288BB45500D5EFD5 /* GamesNavigationController.swift in Sources */ = {isa = PBXBuildFile; fileRef = 630CE4B4288BB45500D5EFD5 /* GamesNavigationController.swift */; };
		63155D5928AEE938007854B3 /* countdown.mp3 in Resources */ = {isa = PBXBuildFile; fileRef = 63155D5828AEE938007854B3 /* countdown.mp3 */; };
		63155D5B28AF36D4007854B3 /* QuestionsView.swift in Sources */ = {isa = PBXBuildFile; fileRef = 63155D5A28AF36D4007854B3 /* QuestionsView.swift */; };
		63155D5D28AF371F007854B3 /* QuestionCell.swift in Sources */ = {isa = PBXBuildFile; fileRef = 63155D5C28AF371F007854B3 /* QuestionCell.swift */; };
		631991DA28B301F000505931 /* LobbyState.swift in Sources */ = {isa = PBXBuildFile; fileRef = 631991D928B301F000505931 /* LobbyState.swift */; };
		632CA62E2868D94B00B96FDC /* GraphicInfoView.swift in Sources */ = {isa = PBXBuildFile; fileRef = 632CA62D2868D94B00B96FDC /* GraphicInfoView.swift */; };
		632CA6302868FF6800B96FDC /* PreferencesViewController.swift in Sources */ = {isa = PBXBuildFile; fileRef = 632CA62F2868FF6800B96FDC /* PreferencesViewController.swift */; };
		632CA632286A60D100B96FDC /* SettingsCell.swift in Sources */ = {isa = PBXBuildFile; fileRef = 632CA631286A60D100B96FDC /* SettingsCell.swift */; };
		633FC8D228A2AF0400EF3B5B /* GameTimerView.swift in Sources */ = {isa = PBXBuildFile; fileRef = 633FC8D128A2AF0400EF3B5B /* GameTimerView.swift */; };
		635103D32884D7630068D189 /* ProfileCardView.swift in Sources */ = {isa = PBXBuildFile; fileRef = 635103D22884D7630068D189 /* ProfileCardView.swift */; };
		635103D5288500E80068D189 /* StatsStackView.swift in Sources */ = {isa = PBXBuildFile; fileRef = 635103D4288500E80068D189 /* StatsStackView.swift */; };
		635103D828877FDA0068D189 /* StatsProfileCell.swift in Sources */ = {isa = PBXBuildFile; fileRef = 635103D728877FDA0068D189 /* StatsProfileCell.swift */; };
		635103DA2887800A0068D189 /* ImageProfileCell.swift in Sources */ = {isa = PBXBuildFile; fileRef = 635103D92887800A0068D189 /* ImageProfileCell.swift */; };
		635103DC288780380068D189 /* LeadProfileCell.swift in Sources */ = {isa = PBXBuildFile; fileRef = 635103DB288780380068D189 /* LeadProfileCell.swift */; };
		635103E02887A50C0068D189 /* Game.swift in Sources */ = {isa = PBXBuildFile; fileRef = 635103DF2887A50C0068D189 /* Game.swift */; };
		636AEA6A284A5473002B5A3F /* EmailInputViewController.swift in Sources */ = {isa = PBXBuildFile; fileRef = 636AEA69284A5473002B5A3F /* EmailInputViewController.swift */; };
		6375F6E128644AD000903BAA /* .gitignore in Resources */ = {isa = PBXBuildFile; fileRef = 6375F6E028644AD000903BAA /* .gitignore */; };
		6375F6E32864ED9A00903BAA /* LocalStorage.swift in Sources */ = {isa = PBXBuildFile; fileRef = 6375F6E22864ED9A00903BAA /* LocalStorage.swift */; };
		6375F6E62865048200903BAA /* Kingfisher in Frameworks */ = {isa = PBXBuildFile; productRef = 6375F6E52865048200903BAA /* Kingfisher */; };
		637A72DF289B250600FE4F32 /* PointsLabelBarView.swift in Sources */ = {isa = PBXBuildFile; fileRef = 637A72DE289B250600FE4F32 /* PointsLabelBarView.swift */; };
		637A72E2289B2E7500FE4F32 /* SchoolBarView.swift in Sources */ = {isa = PBXBuildFile; fileRef = 637A72E1289B2E7500FE4F32 /* SchoolBarView.swift */; };
		637A72E4289B540900FE4F32 /* PowerUpsView.swift in Sources */ = {isa = PBXBuildFile; fileRef = 637A72E3289B540900FE4F32 /* PowerUpsView.swift */; };
		637A72EC289C95D400FE4F32 /* AcivityPopupView.swift in Sources */ = {isa = PBXBuildFile; fileRef = 637A72EB289C95D400FE4F32 /* AcivityPopupView.swift */; };
		637A72EE289CE92600FE4F32 /* GlobalCountdown.swift in Sources */ = {isa = PBXBuildFile; fileRef = 637A72ED289CE92600FE4F32 /* GlobalCountdown.swift */; };
		637BEB6827BB28C40074DD29 /* FindGameController.swift in Sources */ = {isa = PBXBuildFile; fileRef = 637BEB6727BB28C40074DD29 /* FindGameController.swift */; };
		637BEB6A27BB2BD20074DD29 /* GameCardCell.swift in Sources */ = {isa = PBXBuildFile; fileRef = 637BEB6927BB2BD20074DD29 /* GameCardCell.swift */; };
		637BEB6D27BB679E0074DD29 /* CustomViewControllerWithNav.swift in Sources */ = {isa = PBXBuildFile; fileRef = 637BEB6C27BB679E0074DD29 /* CustomViewControllerWithNav.swift */; };
		638B7E19288471D600AB73EA /* MainCountdownView.swift in Sources */ = {isa = PBXBuildFile; fileRef = 638B7E18288471D600AB73EA /* MainCountdownView.swift */; };
		638B7E1B2884A33A00AB73EA /* ProfileViewController.swift in Sources */ = {isa = PBXBuildFile; fileRef = 638B7E1A2884A33A00AB73EA /* ProfileViewController.swift */; };
		6390DD0228477B8C0025AD4E /* SignedOutViewController.swift in Sources */ = {isa = PBXBuildFile; fileRef = 6390DD0128477B8C0025AD4E /* SignedOutViewController.swift */; };
		6390DD0428477DEA0025AD4E /* ViewControllerWithGradient.swift in Sources */ = {isa = PBXBuildFile; fileRef = 6390DD0328477DEA0025AD4E /* ViewControllerWithGradient.swift */; };
		6390F906275C7C1000793B0A /* Brown-Bold.ttf in Resources */ = {isa = PBXBuildFile; fileRef = 6390F905275C7C1000793B0A /* Brown-Bold.ttf */; };
		6390F908275D5B8100793B0A /* statBox.swift in Sources */ = {isa = PBXBuildFile; fileRef = 6390F907275D5B8100793B0A /* statBox.swift */; };
		6390F90A275D6B6100793B0A /* Gilroy-ExtraBold.otf in Resources */ = {isa = PBXBuildFile; fileRef = 6390F909275D6B6100793B0A /* Gilroy-ExtraBold.otf */; };
		6390F90C275D7B4400793B0A /* CircularImageView.swift in Sources */ = {isa = PBXBuildFile; fileRef = 6390F90B275D7B4400793B0A /* CircularImageView.swift */; };
		63A0B7CE284B785F006630F5 /* VerificationLinkViewController.swift in Sources */ = {isa = PBXBuildFile; fileRef = 63A0B7CD284B785F006630F5 /* VerificationLinkViewController.swift */; };
		63A0B7D0284B7870006630F5 /* RegistrationViewController.swift in Sources */ = {isa = PBXBuildFile; fileRef = 63A0B7CF284B7870006630F5 /* RegistrationViewController.swift */; };
		63A357D2286BD8E6009AF192 /* SettingsOptionsTableView.swift in Sources */ = {isa = PBXBuildFile; fileRef = 63A357D1286BD8E6009AF192 /* SettingsOptionsTableView.swift */; };
		63A357D4286C1BD8009AF192 /* Settings.swift in Sources */ = {isa = PBXBuildFile; fileRef = 63A357D3286C1BD8009AF192 /* Settings.swift */; };
		63A357D7286D0F38009AF192 /* ReusableTableViewController.swift in Sources */ = {isa = PBXBuildFile; fileRef = 63A357D6286D0F38009AF192 /* ReusableTableViewController.swift */; };
		63AF6B7828629FBB009DF026 /* StoreKit.framework in Frameworks */ = {isa = PBXBuildFile; fileRef = 63AF6B7728629FBB009DF026 /* StoreKit.framework */; };
		63AF6B7A2863BD0F009DF026 /* DatabaseManager.swift in Sources */ = {isa = PBXBuildFile; fileRef = 63AF6B792863BD0F009DF026 /* DatabaseManager.swift */; };
		63AFA90C28C106F8009074DB /* UserBubbleCell.swift in Sources */ = {isa = PBXBuildFile; fileRef = 63AFA90B28C106F8009074DB /* UserBubbleCell.swift */; };
		63B8FF852841937B0004B06B /* CountdownViewController.swift in Sources */ = {isa = PBXBuildFile; fileRef = 63B8FF842841937A0004B06B /* CountdownViewController.swift */; };
		63C1404F28512C09006850C5 /* NameInputViewController.swift in Sources */ = {isa = PBXBuildFile; fileRef = 63C1404E28512C09006850C5 /* NameInputViewController.swift */; };
		63C1405128512D6E006850C5 /* DateOfBirthInputViewController.swift in Sources */ = {isa = PBXBuildFile; fileRef = 63C1405028512D6E006850C5 /* DateOfBirthInputViewController.swift */; };
		63C1405428513EB6006850C5 /* UIKitExtensions.swift in Sources */ = {isa = PBXBuildFile; fileRef = 63C1405328513EB6006850C5 /* UIKitExtensions.swift */; };
		63CB53FE286F9CDB00FBB8C0 /* ParameterEncoding.swift in Sources */ = {isa = PBXBuildFile; fileRef = 63CB53F0286F9CDB00FBB8C0 /* ParameterEncoding.swift */; };
		63CB53FF286F9CDB00FBB8C0 /* URLParameterEncoder.swift in Sources */ = {isa = PBXBuildFile; fileRef = 63CB53F1286F9CDB00FBB8C0 /* URLParameterEncoder.swift */; };
		63CB5400286F9CDB00FBB8C0 /* JSONParameterEncoder.swift in Sources */ = {isa = PBXBuildFile; fileRef = 63CB53F2286F9CDB00FBB8C0 /* JSONParameterEncoder.swift */; };
		63CB5401286F9CDB00FBB8C0 /* NetworkManager.swift in Sources */ = {isa = PBXBuildFile; fileRef = 63CB53F4286F9CDB00FBB8C0 /* NetworkManager.swift */; };
		63CB5403286F9CDB00FBB8C0 /* BatchAPI.swift in Sources */ = {isa = PBXBuildFile; fileRef = 63CB53F7286F9CDB00FBB8C0 /* BatchAPI.swift */; };
		63CB5404286F9CDB00FBB8C0 /* NetworkRouter.swift in Sources */ = {isa = PBXBuildFile; fileRef = 63CB53F9286F9CDB00FBB8C0 /* NetworkRouter.swift */; };
		63CB5405286F9CDB00FBB8C0 /* HTTPTask.swift in Sources */ = {isa = PBXBuildFile; fileRef = 63CB53FA286F9CDB00FBB8C0 /* HTTPTask.swift */; };
		63CB5406286F9CDB00FBB8C0 /* HTTPMethod.swift in Sources */ = {isa = PBXBuildFile; fileRef = 63CB53FB286F9CDB00FBB8C0 /* HTTPMethod.swift */; };
		63CB5407286F9CDB00FBB8C0 /* Router.swift in Sources */ = {isa = PBXBuildFile; fileRef = 63CB53FC286F9CDB00FBB8C0 /* Router.swift */; };
		63CB5408286F9CDB00FBB8C0 /* EndPointType.swift in Sources */ = {isa = PBXBuildFile; fileRef = 63CB53FD286F9CDB00FBB8C0 /* EndPointType.swift */; };
		63CDBF43285D65E3001F1B4F /* ChatMessageCell.swift in Sources */ = {isa = PBXBuildFile; fileRef = 63CDBF42285D65E3001F1B4F /* ChatMessageCell.swift */; };
		63CDBF45285D6621001F1B4F /* ChatInfoCell.swift in Sources */ = {isa = PBXBuildFile; fileRef = 63CDBF44285D6621001F1B4F /* ChatInfoCell.swift */; };
		63CE2DAD287007C60083CB46 /* Countdown.swift in Sources */ = {isa = PBXBuildFile; fileRef = 63CE2DAC287007C60083CB46 /* Countdown.swift */; };
		63CE2DB12872317D0083CB46 /* CustomTimer.swift in Sources */ = {isa = PBXBuildFile; fileRef = 63CE2DB02872317D0083CB46 /* CustomTimer.swift */; };
		63D82F3A2858FEE5001D3DE7 /* PhotosInputViewController.swift in Sources */ = {isa = PBXBuildFile; fileRef = 63D82F392858FEE5001D3DE7 /* PhotosInputViewController.swift */; };
		63D82F3C285A2042001D3DE7 /* ProgressIndicatorView.swift in Sources */ = {isa = PBXBuildFile; fileRef = 63D82F3B285A2042001D3DE7 /* ProgressIndicatorView.swift */; };
		63D82F3E285A604E001D3DE7 /* ContinueButton.swift in Sources */ = {isa = PBXBuildFile; fileRef = 63D82F3D285A604E001D3DE7 /* ContinueButton.swift */; };
		63D82F40285AA6A7001D3DE7 /* ValidityChecker.swift in Sources */ = {isa = PBXBuildFile; fileRef = 63D82F3F285AA6A7001D3DE7 /* ValidityChecker.swift */; };
		63D82F49285AA972001D3DE7 /* RotationAnimation.swift in Sources */ = {isa = PBXBuildFile; fileRef = 63D82F48285AA972001D3DE7 /* RotationAnimation.swift */; };
		63D82F4B285AA9BF001D3DE7 /* StrokeAnimation.swift in Sources */ = {isa = PBXBuildFile; fileRef = 63D82F4A285AA9BF001D3DE7 /* StrokeAnimation.swift */; };
		63D82F4D285AA9E0001D3DE7 /* ProgressShapeLayer.swift in Sources */ = {isa = PBXBuildFile; fileRef = 63D82F4C285AA9E0001D3DE7 /* ProgressShapeLayer.swift */; };
		63D82F4F285AD578001D3DE7 /* GenderInputViewController.swift in Sources */ = {isa = PBXBuildFile; fileRef = 63D82F4E285AD578001D3DE7 /* GenderInputViewController.swift */; };
		63D82F51285B9196001D3DE7 /* InterestedInInputViewController.swift in Sources */ = {isa = PBXBuildFile; fileRef = 63D82F50285B9196001D3DE7 /* InterestedInInputViewController.swift */; };
		63D82F53285BA7D3001D3DE7 /* Gender.swift in Sources */ = {isa = PBXBuildFile; fileRef = 63D82F52285BA7D3001D3DE7 /* Gender.swift */; };
		63D82F55285BD90B001D3DE7 /* GameViewController.swift in Sources */ = {isa = PBXBuildFile; fileRef = 63D82F54285BD90B001D3DE7 /* GameViewController.swift */; };
		63D82F57285BDAEA001D3DE7 /* MessagesView.swift in Sources */ = {isa = PBXBuildFile; fileRef = 63D82F56285BDAEA001D3DE7 /* MessagesView.swift */; };
		63D82F59285BDD0D001D3DE7 /* AutoLayoutExtension.swift in Sources */ = {isa = PBXBuildFile; fileRef = 63D82F58285BDD0D001D3DE7 /* AutoLayoutExtension.swift */; };
		63D82F5B285BE21C001D3DE7 /* GameHeaderView.swift in Sources */ = {isa = PBXBuildFile; fileRef = 63D82F5A285BE21C001D3DE7 /* GameHeaderView.swift */; };
		63D82F5D285BE2EA001D3DE7 /* PlayersBubblesCollection.swift in Sources */ = {isa = PBXBuildFile; fileRef = 63D82F5C285BE2EA001D3DE7 /* PlayersBubblesCollection.swift */; };
		63D82F5F285BE8B5001D3DE7 /* CreateMessageView.swift in Sources */ = {isa = PBXBuildFile; fileRef = 63D82F5E285BE8B5001D3DE7 /* CreateMessageView.swift */; };
		63D82F61285C2017001D3DE7 /* GridLayout.swift in Sources */ = {isa = PBXBuildFile; fileRef = 63D82F60285C2017001D3DE7 /* GridLayout.swift */; };
		63E2EC1D28A05EBC009BC6D2 /* GameStatusBoxView.swift in Sources */ = {isa = PBXBuildFile; fileRef = 63E2EC1C28A05EBC009BC6D2 /* GameStatusBoxView.swift */; };
		63E2EC1F28A0832F009BC6D2 /* ResponseCell.swift in Sources */ = {isa = PBXBuildFile; fileRef = 63E2EC1E28A0832F009BC6D2 /* ResponseCell.swift */; };
		63EBAF2D28B9849E00BE670D /* ChatView.swift in Sources */ = {isa = PBXBuildFile; fileRef = 63EBAF2C28B9849E00BE670D /* ChatView.swift */; };
		63FC062828625FDB001CF150 /* GoogleService-Info.plist in Resources */ = {isa = PBXBuildFile; fileRef = 63FC062728625FDB001CF150 /* GoogleService-Info.plist */; };
		63FE760E2836EE2400FE6A6E /* MainViewController.swift in Sources */ = {isa = PBXBuildFile; fileRef = 63FE760D2836EE2400FE6A6E /* MainViewController.swift */; };
		63FE7610283724E700FE6A6E /* MessagesViewController.swift in Sources */ = {isa = PBXBuildFile; fileRef = 63FE760F283724E700FE6A6E /* MessagesViewController.swift */; };
		63FE76122837264500FE6A6E /* RankingsViewController.swift in Sources */ = {isa = PBXBuildFile; fileRef = 63FE76112837264500FE6A6E /* RankingsViewController.swift */; };
		63FE76142838745D00FE6A6E /* Gilroy-Bold.ttf in Resources */ = {isa = PBXBuildFile; fileRef = 63FE76132838745D00FE6A6E /* Gilroy-Bold.ttf */; };
		63FE7616283AD9AA00FE6A6E /* inviteFriendView.swift in Sources */ = {isa = PBXBuildFile; fileRef = 63FE7615283AD9AA00FE6A6E /* inviteFriendView.swift */; };
		63FE7618283B2ED000FE6A6E /* UserCell.swift in Sources */ = {isa = PBXBuildFile; fileRef = 63FE7617283B2ED000FE6A6E /* UserCell.swift */; };
		63FE761C283C4DD700FE6A6E /* ViewControllerWithHeader.swift in Sources */ = {isa = PBXBuildFile; fileRef = 63FE761B283C4DD700FE6A6E /* ViewControllerWithHeader.swift */; };
		63FE761F283C623700FE6A6E /* User.swift in Sources */ = {isa = PBXBuildFile; fileRef = 63FE761E283C623700FE6A6E /* User.swift */; };
		63FE7621283C630000FE6A6E /* Message.swift in Sources */ = {isa = PBXBuildFile; fileRef = 63FE7620283C630000FE6A6E /* Message.swift */; };
		63FE7623283C662900FE6A6E /* ChatPreviewCell.swift in Sources */ = {isa = PBXBuildFile; fileRef = 63FE7622283C662900FE6A6E /* ChatPreviewCell.swift */; };
/* End PBXBuildFile section */

/* Begin PBXFileReference section */
		0C4CB17CC9D7E59833F7BFE9 /* Pods-Batch.release.xcconfig */ = {isa = PBXFileReference; includeInIndex = 1; lastKnownFileType = text.xcconfig; name = "Pods-Batch.release.xcconfig"; path = "Target Support Files/Pods-Batch/Pods-Batch.release.xcconfig"; sourceTree = "<group>"; };
		5645D1C11B4A31591A7EF1D7 /* Pods_Batch.framework */ = {isa = PBXFileReference; explicitFileType = wrapper.framework; includeInIndex = 0; path = Pods_Batch.framework; sourceTree = BUILT_PRODUCTS_DIR; };
		586F662ADC01F126FB8C1A57 /* Pods-Batch.debug.xcconfig */ = {isa = PBXFileReference; includeInIndex = 1; lastKnownFileType = text.xcconfig; name = "Pods-Batch.debug.xcconfig"; path = "Target Support Files/Pods-Batch/Pods-Batch.debug.xcconfig"; sourceTree = "<group>"; };
		6301C928287E1E98003B303D /* UserPhotosCollectionView.swift */ = {isa = PBXFileReference; lastKnownFileType = sourcecode.swift; path = UserPhotosCollectionView.swift; sourceTree = "<group>"; };
		6301C92B287E62D5003B303D /* UserPhotoCell.swift */ = {isa = PBXFileReference; lastKnownFileType = sourcecode.swift; path = UserPhotoCell.swift; sourceTree = "<group>"; };
		63027FB1275C27D9004C14A2 /* Batch.app */ = {isa = PBXFileReference; explicitFileType = wrapper.application; includeInIndex = 0; path = Batch.app; sourceTree = BUILT_PRODUCTS_DIR; };
		63027FB4275C27D9004C14A2 /* AppDelegate.swift */ = {isa = PBXFileReference; lastKnownFileType = sourcecode.swift; path = AppDelegate.swift; sourceTree = "<group>"; };
		63027FB6275C27D9004C14A2 /* SceneDelegate.swift */ = {isa = PBXFileReference; lastKnownFileType = sourcecode.swift; path = SceneDelegate.swift; sourceTree = "<group>"; };
		63027FB8275C27D9004C14A2 /* HomeController.swift */ = {isa = PBXFileReference; lastKnownFileType = sourcecode.swift; path = HomeController.swift; sourceTree = "<group>"; };
		63027FBB275C27D9004C14A2 /* Base */ = {isa = PBXFileReference; lastKnownFileType = file.storyboard; name = Base; path = Base.lproj/Main.storyboard; sourceTree = "<group>"; };
		63027FBD275C27DB004C14A2 /* Assets.xcassets */ = {isa = PBXFileReference; lastKnownFileType = folder.assetcatalog; path = Assets.xcassets; sourceTree = "<group>"; };
		63027FC0275C27DB004C14A2 /* Base */ = {isa = PBXFileReference; lastKnownFileType = file.storyboard; name = Base; path = Base.lproj/LaunchScreen.storyboard; sourceTree = "<group>"; };
		63027FC2275C27DB004C14A2 /* Info.plist */ = {isa = PBXFileReference; lastKnownFileType = text.plist.xml; path = Info.plist; sourceTree = "<group>"; };
		6307B6BC280DF29A00E5AE2E /* CountdownPreviewView.swift */ = {isa = PBXFileReference; lastKnownFileType = sourcecode.swift; path = CountdownPreviewView.swift; sourceTree = "<group>"; };
		6307B6BF280DFB2F00E5AE2E /* Gorga-Grotesque-Bold.otf */ = {isa = PBXFileReference; lastKnownFileType = file; path = "Gorga-Grotesque-Bold.otf"; sourceTree = "<group>"; };
		6307B6C1280DFB9300E5AE2E /* ProfileBoxView.swift */ = {isa = PBXFileReference; lastKnownFileType = sourcecode.swift; path = ProfileBoxView.swift; sourceTree = "<group>"; };
		630CE4B4288BB45500D5EFD5 /* GamesNavigationController.swift */ = {isa = PBXFileReference; lastKnownFileType = sourcecode.swift; path = GamesNavigationController.swift; sourceTree = "<group>"; };
		63155D5828AEE938007854B3 /* countdown.mp3 */ = {isa = PBXFileReference; lastKnownFileType = audio.mp3; path = countdown.mp3; sourceTree = "<group>"; };
		63155D5A28AF36D4007854B3 /* QuestionsView.swift */ = {isa = PBXFileReference; lastKnownFileType = sourcecode.swift; path = QuestionsView.swift; sourceTree = "<group>"; };
		63155D5C28AF371F007854B3 /* QuestionCell.swift */ = {isa = PBXFileReference; lastKnownFileType = sourcecode.swift; path = QuestionCell.swift; sourceTree = "<group>"; };
		631991D928B301F000505931 /* LobbyState.swift */ = {isa = PBXFileReference; lastKnownFileType = sourcecode.swift; path = LobbyState.swift; sourceTree = "<group>"; };
		632CA62D2868D94B00B96FDC /* GraphicInfoView.swift */ = {isa = PBXFileReference; lastKnownFileType = sourcecode.swift; path = GraphicInfoView.swift; sourceTree = "<group>"; };
		632CA62F2868FF6800B96FDC /* PreferencesViewController.swift */ = {isa = PBXFileReference; lastKnownFileType = sourcecode.swift; path = PreferencesViewController.swift; sourceTree = "<group>"; };
		632CA631286A60D100B96FDC /* SettingsCell.swift */ = {isa = PBXFileReference; lastKnownFileType = sourcecode.swift; path = SettingsCell.swift; sourceTree = "<group>"; };
		633FC8D128A2AF0400EF3B5B /* GameTimerView.swift */ = {isa = PBXFileReference; lastKnownFileType = sourcecode.swift; path = GameTimerView.swift; sourceTree = "<group>"; };
		635103D22884D7630068D189 /* ProfileCardView.swift */ = {isa = PBXFileReference; lastKnownFileType = sourcecode.swift; path = ProfileCardView.swift; sourceTree = "<group>"; };
		635103D4288500E80068D189 /* StatsStackView.swift */ = {isa = PBXFileReference; lastKnownFileType = sourcecode.swift; path = StatsStackView.swift; sourceTree = "<group>"; };
		635103D728877FDA0068D189 /* StatsProfileCell.swift */ = {isa = PBXFileReference; lastKnownFileType = sourcecode.swift; path = StatsProfileCell.swift; sourceTree = "<group>"; };
		635103D92887800A0068D189 /* ImageProfileCell.swift */ = {isa = PBXFileReference; lastKnownFileType = sourcecode.swift; path = ImageProfileCell.swift; sourceTree = "<group>"; };
		635103DB288780380068D189 /* LeadProfileCell.swift */ = {isa = PBXFileReference; lastKnownFileType = sourcecode.swift; path = LeadProfileCell.swift; sourceTree = "<group>"; };
		635103DF2887A50C0068D189 /* Game.swift */ = {isa = PBXFileReference; lastKnownFileType = sourcecode.swift; path = Game.swift; sourceTree = "<group>"; };
		636AEA69284A5473002B5A3F /* EmailInputViewController.swift */ = {isa = PBXFileReference; lastKnownFileType = sourcecode.swift; path = EmailInputViewController.swift; sourceTree = "<group>"; };
		6375F6E028644AD000903BAA /* .gitignore */ = {isa = PBXFileReference; lastKnownFileType = text; path = .gitignore; sourceTree = "<group>"; };
		6375F6E22864ED9A00903BAA /* LocalStorage.swift */ = {isa = PBXFileReference; lastKnownFileType = sourcecode.swift; path = LocalStorage.swift; sourceTree = "<group>"; };
		637A72DE289B250600FE4F32 /* PointsLabelBarView.swift */ = {isa = PBXFileReference; lastKnownFileType = sourcecode.swift; path = PointsLabelBarView.swift; sourceTree = "<group>"; };
		637A72E1289B2E7500FE4F32 /* SchoolBarView.swift */ = {isa = PBXFileReference; lastKnownFileType = sourcecode.swift; path = SchoolBarView.swift; sourceTree = "<group>"; };
		637A72E3289B540900FE4F32 /* PowerUpsView.swift */ = {isa = PBXFileReference; lastKnownFileType = sourcecode.swift; path = PowerUpsView.swift; sourceTree = "<group>"; };
		637A72E7289B732A00FE4F32 /* Batch-Bridging-Header.h */ = {isa = PBXFileReference; lastKnownFileType = sourcecode.c.h; path = "Batch-Bridging-Header.h"; sourceTree = "<group>"; };
		637A72EB289C95D400FE4F32 /* AcivityPopupView.swift */ = {isa = PBXFileReference; lastKnownFileType = sourcecode.swift; path = AcivityPopupView.swift; sourceTree = "<group>"; };
		637A72ED289CE92600FE4F32 /* GlobalCountdown.swift */ = {isa = PBXFileReference; lastKnownFileType = sourcecode.swift; path = GlobalCountdown.swift; sourceTree = "<group>"; };
		637BEB6727BB28C40074DD29 /* FindGameController.swift */ = {isa = PBXFileReference; lastKnownFileType = sourcecode.swift; path = FindGameController.swift; sourceTree = "<group>"; };
		637BEB6927BB2BD20074DD29 /* GameCardCell.swift */ = {isa = PBXFileReference; lastKnownFileType = sourcecode.swift; path = GameCardCell.swift; sourceTree = "<group>"; };
		637BEB6C27BB679E0074DD29 /* CustomViewControllerWithNav.swift */ = {isa = PBXFileReference; lastKnownFileType = sourcecode.swift; path = CustomViewControllerWithNav.swift; sourceTree = "<group>"; };
		638B7E18288471D600AB73EA /* MainCountdownView.swift */ = {isa = PBXFileReference; lastKnownFileType = sourcecode.swift; path = MainCountdownView.swift; sourceTree = "<group>"; };
		638B7E1A2884A33A00AB73EA /* ProfileViewController.swift */ = {isa = PBXFileReference; lastKnownFileType = sourcecode.swift; path = ProfileViewController.swift; sourceTree = "<group>"; };
		6390DD0128477B8C0025AD4E /* SignedOutViewController.swift */ = {isa = PBXFileReference; lastKnownFileType = sourcecode.swift; path = SignedOutViewController.swift; sourceTree = "<group>"; };
		6390DD0328477DEA0025AD4E /* ViewControllerWithGradient.swift */ = {isa = PBXFileReference; lastKnownFileType = sourcecode.swift; path = ViewControllerWithGradient.swift; sourceTree = "<group>"; };
		6390F905275C7C1000793B0A /* Brown-Bold.ttf */ = {isa = PBXFileReference; lastKnownFileType = file; path = "Brown-Bold.ttf"; sourceTree = "<group>"; };
		6390F907275D5B8100793B0A /* statBox.swift */ = {isa = PBXFileReference; lastKnownFileType = sourcecode.swift; path = statBox.swift; sourceTree = "<group>"; };
		6390F909275D6B6100793B0A /* Gilroy-ExtraBold.otf */ = {isa = PBXFileReference; lastKnownFileType = file; path = "Gilroy-ExtraBold.otf"; sourceTree = "<group>"; };
		6390F90B275D7B4400793B0A /* CircularImageView.swift */ = {isa = PBXFileReference; lastKnownFileType = sourcecode.swift; path = CircularImageView.swift; sourceTree = "<group>"; };
		63A0B7CD284B785F006630F5 /* VerificationLinkViewController.swift */ = {isa = PBXFileReference; lastKnownFileType = sourcecode.swift; path = VerificationLinkViewController.swift; sourceTree = "<group>"; };
		63A0B7CF284B7870006630F5 /* RegistrationViewController.swift */ = {isa = PBXFileReference; lastKnownFileType = sourcecode.swift; path = RegistrationViewController.swift; sourceTree = "<group>"; };
		63A357D1286BD8E6009AF192 /* SettingsOptionsTableView.swift */ = {isa = PBXFileReference; lastKnownFileType = sourcecode.swift; path = SettingsOptionsTableView.swift; sourceTree = "<group>"; };
		63A357D3286C1BD8009AF192 /* Settings.swift */ = {isa = PBXFileReference; lastKnownFileType = sourcecode.swift; path = Settings.swift; sourceTree = "<group>"; };
		63A357D6286D0F38009AF192 /* ReusableTableViewController.swift */ = {isa = PBXFileReference; lastKnownFileType = sourcecode.swift; path = ReusableTableViewController.swift; sourceTree = "<group>"; };
		63AF6B7728629FBB009DF026 /* StoreKit.framework */ = {isa = PBXFileReference; lastKnownFileType = wrapper.framework; name = StoreKit.framework; path = System/Library/Frameworks/StoreKit.framework; sourceTree = SDKROOT; };
		63AF6B792863BD0F009DF026 /* DatabaseManager.swift */ = {isa = PBXFileReference; lastKnownFileType = sourcecode.swift; path = DatabaseManager.swift; sourceTree = "<group>"; };
		63AFA90B28C106F8009074DB /* UserBubbleCell.swift */ = {isa = PBXFileReference; lastKnownFileType = sourcecode.swift; path = UserBubbleCell.swift; sourceTree = "<group>"; };
		63B8FF842841937A0004B06B /* CountdownViewController.swift */ = {isa = PBXFileReference; lastKnownFileType = sourcecode.swift; path = CountdownViewController.swift; sourceTree = "<group>"; };
		63C1404E28512C09006850C5 /* NameInputViewController.swift */ = {isa = PBXFileReference; lastKnownFileType = sourcecode.swift; path = NameInputViewController.swift; sourceTree = "<group>"; };
		63C1405028512D6E006850C5 /* DateOfBirthInputViewController.swift */ = {isa = PBXFileReference; lastKnownFileType = sourcecode.swift; path = DateOfBirthInputViewController.swift; sourceTree = "<group>"; };
		63C1405328513EB6006850C5 /* UIKitExtensions.swift */ = {isa = PBXFileReference; lastKnownFileType = sourcecode.swift; path = UIKitExtensions.swift; sourceTree = "<group>"; };
		63CB53F0286F9CDB00FBB8C0 /* ParameterEncoding.swift */ = {isa = PBXFileReference; fileEncoding = 4; lastKnownFileType = sourcecode.swift; path = ParameterEncoding.swift; sourceTree = "<group>"; };
		63CB53F1286F9CDB00FBB8C0 /* URLParameterEncoder.swift */ = {isa = PBXFileReference; fileEncoding = 4; lastKnownFileType = sourcecode.swift; path = URLParameterEncoder.swift; sourceTree = "<group>"; };
		63CB53F2286F9CDB00FBB8C0 /* JSONParameterEncoder.swift */ = {isa = PBXFileReference; fileEncoding = 4; lastKnownFileType = sourcecode.swift; path = JSONParameterEncoder.swift; sourceTree = "<group>"; };
		63CB53F4286F9CDB00FBB8C0 /* NetworkManager.swift */ = {isa = PBXFileReference; fileEncoding = 4; lastKnownFileType = sourcecode.swift; path = NetworkManager.swift; sourceTree = "<group>"; };
		63CB53F7286F9CDB00FBB8C0 /* BatchAPI.swift */ = {isa = PBXFileReference; fileEncoding = 4; lastKnownFileType = sourcecode.swift; path = BatchAPI.swift; sourceTree = "<group>"; };
		63CB53F9286F9CDB00FBB8C0 /* NetworkRouter.swift */ = {isa = PBXFileReference; fileEncoding = 4; lastKnownFileType = sourcecode.swift; path = NetworkRouter.swift; sourceTree = "<group>"; };
		63CB53FA286F9CDB00FBB8C0 /* HTTPTask.swift */ = {isa = PBXFileReference; fileEncoding = 4; lastKnownFileType = sourcecode.swift; path = HTTPTask.swift; sourceTree = "<group>"; };
		63CB53FB286F9CDB00FBB8C0 /* HTTPMethod.swift */ = {isa = PBXFileReference; fileEncoding = 4; lastKnownFileType = sourcecode.swift; path = HTTPMethod.swift; sourceTree = "<group>"; };
		63CB53FC286F9CDB00FBB8C0 /* Router.swift */ = {isa = PBXFileReference; fileEncoding = 4; lastKnownFileType = sourcecode.swift; path = Router.swift; sourceTree = "<group>"; };
		63CB53FD286F9CDB00FBB8C0 /* EndPointType.swift */ = {isa = PBXFileReference; fileEncoding = 4; lastKnownFileType = sourcecode.swift; path = EndPointType.swift; sourceTree = "<group>"; };
		63CDBF42285D65E3001F1B4F /* ChatMessageCell.swift */ = {isa = PBXFileReference; lastKnownFileType = sourcecode.swift; path = ChatMessageCell.swift; sourceTree = "<group>"; };
		63CDBF44285D6621001F1B4F /* ChatInfoCell.swift */ = {isa = PBXFileReference; lastKnownFileType = sourcecode.swift; path = ChatInfoCell.swift; sourceTree = "<group>"; };
		63CE2DAC287007C60083CB46 /* Countdown.swift */ = {isa = PBXFileReference; lastKnownFileType = sourcecode.swift; path = Countdown.swift; sourceTree = "<group>"; };
		63CE2DB02872317D0083CB46 /* CustomTimer.swift */ = {isa = PBXFileReference; lastKnownFileType = sourcecode.swift; path = CustomTimer.swift; sourceTree = "<group>"; };
		63D82F392858FEE5001D3DE7 /* PhotosInputViewController.swift */ = {isa = PBXFileReference; lastKnownFileType = sourcecode.swift; path = PhotosInputViewController.swift; sourceTree = "<group>"; };
		63D82F3B285A2042001D3DE7 /* ProgressIndicatorView.swift */ = {isa = PBXFileReference; lastKnownFileType = sourcecode.swift; path = ProgressIndicatorView.swift; sourceTree = "<group>"; };
		63D82F3D285A604E001D3DE7 /* ContinueButton.swift */ = {isa = PBXFileReference; lastKnownFileType = sourcecode.swift; path = ContinueButton.swift; sourceTree = "<group>"; };
		63D82F3F285AA6A7001D3DE7 /* ValidityChecker.swift */ = {isa = PBXFileReference; lastKnownFileType = sourcecode.swift; path = ValidityChecker.swift; sourceTree = "<group>"; };
		63D82F48285AA972001D3DE7 /* RotationAnimation.swift */ = {isa = PBXFileReference; lastKnownFileType = sourcecode.swift; path = RotationAnimation.swift; sourceTree = "<group>"; };
		63D82F4A285AA9BF001D3DE7 /* StrokeAnimation.swift */ = {isa = PBXFileReference; lastKnownFileType = sourcecode.swift; path = StrokeAnimation.swift; sourceTree = "<group>"; };
		63D82F4C285AA9E0001D3DE7 /* ProgressShapeLayer.swift */ = {isa = PBXFileReference; lastKnownFileType = sourcecode.swift; path = ProgressShapeLayer.swift; sourceTree = "<group>"; };
		63D82F4E285AD578001D3DE7 /* GenderInputViewController.swift */ = {isa = PBXFileReference; lastKnownFileType = sourcecode.swift; path = GenderInputViewController.swift; sourceTree = "<group>"; };
		63D82F50285B9196001D3DE7 /* InterestedInInputViewController.swift */ = {isa = PBXFileReference; lastKnownFileType = sourcecode.swift; path = InterestedInInputViewController.swift; sourceTree = "<group>"; };
		63D82F52285BA7D3001D3DE7 /* Gender.swift */ = {isa = PBXFileReference; lastKnownFileType = sourcecode.swift; path = Gender.swift; sourceTree = "<group>"; };
		63D82F54285BD90B001D3DE7 /* GameViewController.swift */ = {isa = PBXFileReference; lastKnownFileType = sourcecode.swift; path = GameViewController.swift; sourceTree = "<group>"; };
		63D82F56285BDAEA001D3DE7 /* MessagesView.swift */ = {isa = PBXFileReference; lastKnownFileType = sourcecode.swift; path = MessagesView.swift; sourceTree = "<group>"; };
		63D82F58285BDD0D001D3DE7 /* AutoLayoutExtension.swift */ = {isa = PBXFileReference; lastKnownFileType = sourcecode.swift; path = AutoLayoutExtension.swift; sourceTree = "<group>"; };
		63D82F5A285BE21C001D3DE7 /* GameHeaderView.swift */ = {isa = PBXFileReference; lastKnownFileType = sourcecode.swift; path = GameHeaderView.swift; sourceTree = "<group>"; };
		63D82F5C285BE2EA001D3DE7 /* PlayersBubblesCollection.swift */ = {isa = PBXFileReference; lastKnownFileType = sourcecode.swift; path = PlayersBubblesCollection.swift; sourceTree = "<group>"; };
		63D82F5E285BE8B5001D3DE7 /* CreateMessageView.swift */ = {isa = PBXFileReference; lastKnownFileType = sourcecode.swift; path = CreateMessageView.swift; sourceTree = "<group>"; };
		63D82F60285C2017001D3DE7 /* GridLayout.swift */ = {isa = PBXFileReference; lastKnownFileType = sourcecode.swift; path = GridLayout.swift; sourceTree = "<group>"; };
		63E2EC1C28A05EBC009BC6D2 /* GameStatusBoxView.swift */ = {isa = PBXFileReference; lastKnownFileType = sourcecode.swift; path = GameStatusBoxView.swift; sourceTree = "<group>"; };
		63E2EC1E28A0832F009BC6D2 /* ResponseCell.swift */ = {isa = PBXFileReference; lastKnownFileType = sourcecode.swift; path = ResponseCell.swift; sourceTree = "<group>"; };
		63EBAF2C28B9849E00BE670D /* ChatView.swift */ = {isa = PBXFileReference; lastKnownFileType = sourcecode.swift; path = ChatView.swift; sourceTree = "<group>"; };
		63FC062728625FDB001CF150 /* GoogleService-Info.plist */ = {isa = PBXFileReference; fileEncoding = 4; lastKnownFileType = text.plist.xml; path = "GoogleService-Info.plist"; sourceTree = "<group>"; };
		63FE760D2836EE2400FE6A6E /* MainViewController.swift */ = {isa = PBXFileReference; lastKnownFileType = sourcecode.swift; path = MainViewController.swift; sourceTree = "<group>"; };
		63FE760F283724E700FE6A6E /* MessagesViewController.swift */ = {isa = PBXFileReference; lastKnownFileType = sourcecode.swift; path = MessagesViewController.swift; sourceTree = "<group>"; };
		63FE76112837264500FE6A6E /* RankingsViewController.swift */ = {isa = PBXFileReference; lastKnownFileType = sourcecode.swift; path = RankingsViewController.swift; sourceTree = "<group>"; };
		63FE76132838745D00FE6A6E /* Gilroy-Bold.ttf */ = {isa = PBXFileReference; lastKnownFileType = file; name = "Gilroy-Bold.ttf"; path = "../../../../Fonts/Gilroy-Bold.ttf"; sourceTree = "<group>"; };
		63FE7615283AD9AA00FE6A6E /* inviteFriendView.swift */ = {isa = PBXFileReference; lastKnownFileType = sourcecode.swift; path = inviteFriendView.swift; sourceTree = "<group>"; };
		63FE7617283B2ED000FE6A6E /* UserCell.swift */ = {isa = PBXFileReference; lastKnownFileType = sourcecode.swift; path = UserCell.swift; sourceTree = "<group>"; };
		63FE761B283C4DD700FE6A6E /* ViewControllerWithHeader.swift */ = {isa = PBXFileReference; lastKnownFileType = sourcecode.swift; path = ViewControllerWithHeader.swift; sourceTree = "<group>"; };
		63FE761E283C623700FE6A6E /* User.swift */ = {isa = PBXFileReference; lastKnownFileType = sourcecode.swift; path = User.swift; sourceTree = "<group>"; };
		63FE7620283C630000FE6A6E /* Message.swift */ = {isa = PBXFileReference; lastKnownFileType = sourcecode.swift; path = Message.swift; sourceTree = "<group>"; };
		63FE7622283C662900FE6A6E /* ChatPreviewCell.swift */ = {isa = PBXFileReference; lastKnownFileType = sourcecode.swift; path = ChatPreviewCell.swift; sourceTree = "<group>"; };
/* End PBXFileReference section */

/* Begin PBXFrameworksBuildPhase section */
		63027FAE275C27D9004C14A2 /* Frameworks */ = {
			isa = PBXFrameworksBuildPhase;
			buildActionMask = 2147483647;
			files = (
				6375F6E62865048200903BAA /* Kingfisher in Frameworks */,
				56A137E74388A24C16F80400 /* Pods_Batch.framework in Frameworks */,
				63AF6B7828629FBB009DF026 /* StoreKit.framework in Frameworks */,
			);
			runOnlyForDeploymentPostprocessing = 0;
		};
/* End PBXFrameworksBuildPhase section */

/* Begin PBXGroup section */
		03A3D2945E59D0B1B2BD222F /* Frameworks */ = {
			isa = PBXGroup;
			children = (
				63AF6B7728629FBB009DF026 /* StoreKit.framework */,
				5645D1C11B4A31591A7EF1D7 /* Pods_Batch.framework */,
			);
			name = Frameworks;
			sourceTree = "<group>";
		};
		6301C92A287E62B0003B303D /* PreferencesViews */ = {
			isa = PBXGroup;
			children = (
				632CA631286A60D100B96FDC /* SettingsCell.swift */,
				6301C92B287E62D5003B303D /* UserPhotoCell.swift */,
				6301C928287E1E98003B303D /* UserPhotosCollectionView.swift */,
			);
			path = PreferencesViews;
			sourceTree = "<group>";
		};
		63027FA8275C27D9004C14A2 = {
			isa = PBXGroup;
			children = (
				6375F6E028644AD000903BAA /* .gitignore */,
				63027FB3275C27D9004C14A2 /* Batch */,
				63027FB2275C27D9004C14A2 /* Products */,
				C0A18AE71F971C26D0DA8834 /* Pods */,
				03A3D2945E59D0B1B2BD222F /* Frameworks */,
				637A72E7289B732A00FE4F32 /* Batch-Bridging-Header.h */,
			);
			sourceTree = "<group>";
		};
		63027FB2275C27D9004C14A2 /* Products */ = {
			isa = PBXGroup;
			children = (
				63027FB1275C27D9004C14A2 /* Batch.app */,
			);
			name = Products;
			sourceTree = "<group>";
		};
		63027FB3275C27D9004C14A2 /* Batch */ = {
			isa = PBXGroup;
			children = (
				63027FB4275C27D9004C14A2 /* AppDelegate.swift */,
				63027FB6275C27D9004C14A2 /* SceneDelegate.swift */,
				637A72D9289A040B00FE4F32 /* Sounds */,
				637BEB6B27BB676B0074DD29 /* ExtensionsandElements */,
				63CB53EE286F9CDB00FBB8C0 /* Networking */,
				63FE761D283C61FA00FE6A6E /* Models */,
				6390F902275C6DD600793B0A /* Views */,
				637BEB6627BB289E0074DD29 /* Controllers */,
				63027FBA275C27D9004C14A2 /* Main.storyboard */,
				63027FBD275C27DB004C14A2 /* Assets.xcassets */,
				63027FBF275C27DB004C14A2 /* LaunchScreen.storyboard */,
				63FC062728625FDB001CF150 /* GoogleService-Info.plist */,
				63027FC2275C27DB004C14A2 /* Info.plist */,
				63027FC8275C526C004C14A2 /* Fonts */,
			);
			path = Batch;
			sourceTree = "<group>";
		};
		63027FC8275C526C004C14A2 /* Fonts */ = {
			isa = PBXGroup;
			children = (
				6390F909275D6B6100793B0A /* Gilroy-ExtraBold.otf */,
				6390F905275C7C1000793B0A /* Brown-Bold.ttf */,
				6307B6BF280DFB2F00E5AE2E /* Gorga-Grotesque-Bold.otf */,
				63FE76132838745D00FE6A6E /* Gilroy-Bold.ttf */,
			);
			path = Fonts;
			sourceTree = "<group>";
		};
		635103D628877F6A0068D189 /* ProfileViewController */ = {
			isa = PBXGroup;
			children = (
				635103D728877FDA0068D189 /* StatsProfileCell.swift */,
				637BEB6927BB2BD20074DD29 /* GameCardCell.swift */,
				635103D92887800A0068D189 /* ImageProfileCell.swift */,
				635103DB288780380068D189 /* LeadProfileCell.swift */,
			);
			path = ProfileViewController;
			sourceTree = "<group>";
		};
		635103DD2887A3C70068D189 /* MainControllers */ = {
			isa = PBXGroup;
			children = (
				63FE760D2836EE2400FE6A6E /* MainViewController.swift */,
				63027FB8275C27D9004C14A2 /* HomeController.swift */,
				63FE76112837264500FE6A6E /* RankingsViewController.swift */,
				63FE760F283724E700FE6A6E /* MessagesViewController.swift */,
				638B7E1A2884A33A00AB73EA /* ProfileViewController.swift */,
			);
			path = MainControllers;
			sourceTree = "<group>";
		};
		635103DE2887A49B0068D189 /* GameControllers */ = {
			isa = PBXGroup;
			children = (
				630CE4B4288BB45500D5EFD5 /* GamesNavigationController.swift */,
				63B8FF842841937A0004B06B /* CountdownViewController.swift */,
				637BEB6727BB28C40074DD29 /* FindGameController.swift */,
				63D82F54285BD90B001D3DE7 /* GameViewController.swift */,
			);
			path = GameControllers;
			sourceTree = "<group>";
		};
		635103E22887A6080068D189 /* HomeController */ = {
			isa = PBXGroup;
			children = (
				63FE7615283AD9AA00FE6A6E /* inviteFriendView.swift */,
				6307B6BC280DF29A00E5AE2E /* CountdownPreviewView.swift */,
				6307B6C1280DFB9300E5AE2E /* ProfileBoxView.swift */,
			);
			path = HomeController;
			sourceTree = "<group>";
		};
		635103E32887A6B60068D189 /* MessagesController */ = {
			isa = PBXGroup;
			children = (
				63FE7622283C662900FE6A6E /* ChatPreviewCell.swift */,
			);
			path = MessagesController;
			sourceTree = "<group>";
		};
		635103E52887A7F00068D189 /* LiveLobbyController */ = {
			isa = PBXGroup;
			children = (
				638B7E18288471D600AB73EA /* MainCountdownView.swift */,
			);
			path = LiveLobbyController;
			sourceTree = "<group>";
		};
		637A72D9289A040B00FE4F32 /* Sounds */ = {
			isa = PBXGroup;
			children = (
				63155D5828AEE938007854B3 /* countdown.mp3 */,
			);
			path = Sounds;
			sourceTree = "<group>";
		};
		637A72E0289B2DBD00FE4F32 /* NavigationBarViews */ = {
			isa = PBXGroup;
			children = (
				637A72DE289B250600FE4F32 /* PointsLabelBarView.swift */,
				637A72E1289B2E7500FE4F32 /* SchoolBarView.swift */,
			);
			path = NavigationBarViews;
			sourceTree = "<group>";
		};
		637BEB6627BB289E0074DD29 /* Controllers */ = {
			isa = PBXGroup;
			children = (
				6390DD0328477DEA0025AD4E /* ViewControllerWithGradient.swift */,
				63FE761B283C4DD700FE6A6E /* ViewControllerWithHeader.swift */,
				637BEB6C27BB679E0074DD29 /* CustomViewControllerWithNav.swift */,
				635103DD2887A3C70068D189 /* MainControllers */,
				63C1405228513E4F006850C5 /* RegistrationControllers */,
				63A357D5286CF6B6009AF192 /* PreferencesControllers */,
				635103DE2887A49B0068D189 /* GameControllers */,
			);
			path = Controllers;
			sourceTree = "<group>";
		};
		637BEB6B27BB676B0074DD29 /* ExtensionsandElements */ = {
			isa = PBXGroup;
			children = (
				63C1405328513EB6006850C5 /* UIKitExtensions.swift */,
				63D82F3F285AA6A7001D3DE7 /* ValidityChecker.swift */,
				63CE2DB02872317D0083CB46 /* CustomTimer.swift */,
				63AF6B792863BD0F009DF026 /* DatabaseManager.swift */,
				63D82F60285C2017001D3DE7 /* GridLayout.swift */,
				637A72ED289CE92600FE4F32 /* GlobalCountdown.swift */,
				6375F6E22864ED9A00903BAA /* LocalStorage.swift */,
				63D82F58285BDD0D001D3DE7 /* AutoLayoutExtension.swift */,
				63A357D6286D0F38009AF192 /* ReusableTableViewController.swift */,
			);
			path = ExtensionsandElements;
			sourceTree = "<group>";
		};
		6390F902275C6DD600793B0A /* Views */ = {
			isa = PBXGroup;
			children = (
				632CA62D2868D94B00B96FDC /* GraphicInfoView.swift */,
				635103D22884D7630068D189 /* ProfileCardView.swift */,
				635103E52887A7F00068D189 /* LiveLobbyController */,
				635103E32887A6B60068D189 /* MessagesController */,
				635103E22887A6080068D189 /* HomeController */,
				63CDBF41285D527B001F1B4F /* GameViews */,
				63D82F41285AA825001D3DE7 /* ProgressIndicator */,
				6301C92A287E62B0003B303D /* PreferencesViews */,
				635103D628877F6A0068D189 /* ProfileViewController */,
				637A72E0289B2DBD00FE4F32 /* NavigationBarViews */,
				635103D4288500E80068D189 /* StatsStackView.swift */,
				637A72E3289B540900FE4F32 /* PowerUpsView.swift */,
				63D82F3D285A604E001D3DE7 /* ContinueButton.swift */,
				637A72EB289C95D400FE4F32 /* AcivityPopupView.swift */,
				6390F907275D5B8100793B0A /* statBox.swift */,
				6390F90B275D7B4400793B0A /* CircularImageView.swift */,
				63FE7617283B2ED000FE6A6E /* UserCell.swift */,
			);
			path = Views;
			sourceTree = "<group>";
		};
		63A357D5286CF6B6009AF192 /* PreferencesControllers */ = {
			isa = PBXGroup;
			children = (
				632CA62F2868FF6800B96FDC /* PreferencesViewController.swift */,
				63A357D1286BD8E6009AF192 /* SettingsOptionsTableView.swift */,
			);
			path = PreferencesControllers;
			sourceTree = "<group>";
		};
		63AFA90A28C106C0009074DB /* PlayersBubbles */ = {
			isa = PBXGroup;
			children = (
				63D82F5C285BE2EA001D3DE7 /* PlayersBubblesCollection.swift */,
				63AFA90B28C106F8009074DB /* UserBubbleCell.swift */,
			);
			path = PlayersBubbles;
			sourceTree = "<group>";
		};
		63AFA90D28C109DE009074DB /* Header */ = {
			isa = PBXGroup;
			children = (
				63E2EC1C28A05EBC009BC6D2 /* GameStatusBoxView.swift */,
				63D82F5A285BE21C001D3DE7 /* GameHeaderView.swift */,
				63AFA90A28C106C0009074DB /* PlayersBubbles */,
			);
			path = Header;
			sourceTree = "<group>";
		};
		63AFA90E28C10A2F009074DB /* Chat */ = {
			isa = PBXGroup;
			children = (
				63EBAF2C28B9849E00BE670D /* ChatView.swift */,
				63D82F56285BDAEA001D3DE7 /* MessagesView.swift */,
				63D82F5E285BE8B5001D3DE7 /* CreateMessageView.swift */,
				63CDBF44285D6621001F1B4F /* ChatInfoCell.swift */,
				63CDBF42285D65E3001F1B4F /* ChatMessageCell.swift */,
			);
			path = Chat;
			sourceTree = "<group>";
		};
		63AFA90F28C10A7D009074DB /* Questions */ = {
			isa = PBXGroup;
			children = (
				63155D5A28AF36D4007854B3 /* QuestionsView.swift */,
				63155D5C28AF371F007854B3 /* QuestionCell.swift */,
			);
			path = Questions;
			sourceTree = "<group>";
		};
		63C1405228513E4F006850C5 /* RegistrationControllers */ = {
			isa = PBXGroup;
			children = (
				63A0B7CF284B7870006630F5 /* RegistrationViewController.swift */,
				6390DD0128477B8C0025AD4E /* SignedOutViewController.swift */,
				636AEA69284A5473002B5A3F /* EmailInputViewController.swift */,
				63A0B7CD284B785F006630F5 /* VerificationLinkViewController.swift */,
				63C1404E28512C09006850C5 /* NameInputViewController.swift */,
				63C1405028512D6E006850C5 /* DateOfBirthInputViewController.swift */,
				63D82F4E285AD578001D3DE7 /* GenderInputViewController.swift */,
				63D82F50285B9196001D3DE7 /* InterestedInInputViewController.swift */,
				63D82F392858FEE5001D3DE7 /* PhotosInputViewController.swift */,
			);
			path = RegistrationControllers;
			sourceTree = "<group>";
		};
		63CB53EE286F9CDB00FBB8C0 /* Networking */ = {
			isa = PBXGroup;
			children = (
				63CB53EF286F9CDB00FBB8C0 /* Encoding */,
				63CB53F3286F9CDB00FBB8C0 /* Manager */,
				63CB53F5286F9CDB00FBB8C0 /* Endpoint */,
				63CB53F8286F9CDB00FBB8C0 /* Service */,
			);
			path = Networking;
			sourceTree = "<group>";
		};
		63CB53EF286F9CDB00FBB8C0 /* Encoding */ = {
			isa = PBXGroup;
			children = (
				63CB53F0286F9CDB00FBB8C0 /* ParameterEncoding.swift */,
				63CB53F1286F9CDB00FBB8C0 /* URLParameterEncoder.swift */,
				63CB53F2286F9CDB00FBB8C0 /* JSONParameterEncoder.swift */,
			);
			path = Encoding;
			sourceTree = "<group>";
		};
		63CB53F3286F9CDB00FBB8C0 /* Manager */ = {
			isa = PBXGroup;
			children = (
				63CB53F4286F9CDB00FBB8C0 /* NetworkManager.swift */,
			);
			path = Manager;
			sourceTree = "<group>";
		};
		63CB53F5286F9CDB00FBB8C0 /* Endpoint */ = {
			isa = PBXGroup;
			children = (
				63CB53F7286F9CDB00FBB8C0 /* BatchAPI.swift */,
			);
			path = Endpoint;
			sourceTree = "<group>";
		};
		63CB53F8286F9CDB00FBB8C0 /* Service */ = {
			isa = PBXGroup;
			children = (
				63CB53F9286F9CDB00FBB8C0 /* NetworkRouter.swift */,
				63CB53FA286F9CDB00FBB8C0 /* HTTPTask.swift */,
				63CB53FB286F9CDB00FBB8C0 /* HTTPMethod.swift */,
				63CB53FC286F9CDB00FBB8C0 /* Router.swift */,
				63CB53FD286F9CDB00FBB8C0 /* EndPointType.swift */,
			);
			path = Service;
			sourceTree = "<group>";
		};
		63CDBF41285D527B001F1B4F /* GameViews */ = {
			isa = PBXGroup;
			children = (
				63AFA90D28C109DE009074DB /* Header */,
				63AFA90E28C10A2F009074DB /* Chat */,
				63AFA90F28C10A7D009074DB /* Questions */,
				63E2EC1E28A0832F009BC6D2 /* ResponseCell.swift */,
				633FC8D128A2AF0400EF3B5B /* GameTimerView.swift */,
			);
			path = GameViews;
			sourceTree = "<group>";
		};
		63D82F41285AA825001D3DE7 /* ProgressIndicator */ = {
			isa = PBXGroup;
			children = (
				63D82F3B285A2042001D3DE7 /* ProgressIndicatorView.swift */,
				63D82F48285AA972001D3DE7 /* RotationAnimation.swift */,
				63D82F4C285AA9E0001D3DE7 /* ProgressShapeLayer.swift */,
				63D82F4A285AA9BF001D3DE7 /* StrokeAnimation.swift */,
			);
			path = ProgressIndicator;
			sourceTree = "<group>";
		};
		63FE761D283C61FA00FE6A6E /* Models */ = {
			isa = PBXGroup;
			children = (
				63FE761E283C623700FE6A6E /* User.swift */,
				631991D928B301F000505931 /* LobbyState.swift */,
				63FE7620283C630000FE6A6E /* Message.swift */,
				63CE2DAC287007C60083CB46 /* Countdown.swift */,
				635103DF2887A50C0068D189 /* Game.swift */,
				63A357D3286C1BD8009AF192 /* Settings.swift */,
				63D82F52285BA7D3001D3DE7 /* Gender.swift */,
			);
			path = Models;
			sourceTree = "<group>";
		};
		C0A18AE71F971C26D0DA8834 /* Pods */ = {
			isa = PBXGroup;
			children = (
				586F662ADC01F126FB8C1A57 /* Pods-Batch.debug.xcconfig */,
				0C4CB17CC9D7E59833F7BFE9 /* Pods-Batch.release.xcconfig */,
			);
			path = Pods;
			sourceTree = "<group>";
		};
/* End PBXGroup section */

/* Begin PBXNativeTarget section */
		63027FB0275C27D9004C14A2 /* Batch */ = {
			isa = PBXNativeTarget;
			buildConfigurationList = 63027FC5275C27DB004C14A2 /* Build configuration list for PBXNativeTarget "Batch" */;
			buildPhases = (
				4B1453EC66FE245F3BC1F961 /* [CP] Check Pods Manifest.lock */,
				63027FAD275C27D9004C14A2 /* Sources */,
				63027FAE275C27D9004C14A2 /* Frameworks */,
				63027FAF275C27D9004C14A2 /* Resources */,
				EB8AA8DC57A6BE4EE699023E /* [CP] Embed Pods Frameworks */,
			);
			buildRules = (
			);
			dependencies = (
			);
			name = Batch;
			packageProductDependencies = (
				6375F6E52865048200903BAA /* Kingfisher */,
			);
			productName = Batch;
			productReference = 63027FB1275C27D9004C14A2 /* Batch.app */;
			productType = "com.apple.product-type.application";
		};
/* End PBXNativeTarget section */

/* Begin PBXProject section */
		63027FA9275C27D9004C14A2 /* Project object */ = {
			isa = PBXProject;
			attributes = {
				BuildIndependentTargetsInParallel = 1;
				LastSwiftUpdateCheck = 1310;
				LastUpgradeCheck = 1310;
				TargetAttributes = {
					63027FB0275C27D9004C14A2 = {
						CreatedOnToolsVersion = 13.1;
						LastSwiftMigration = 1340;
					};
				};
			};
			buildConfigurationList = 63027FAC275C27D9004C14A2 /* Build configuration list for PBXProject "Batch" */;
			compatibilityVersion = "Xcode 13.0";
			developmentRegion = en;
			hasScannedForEncodings = 0;
			knownRegions = (
				en,
				Base,
			);
			mainGroup = 63027FA8275C27D9004C14A2;
			packageReferences = (
				6375F6E42865048200903BAA /* XCRemoteSwiftPackageReference "Kingfisher" */,
			);
			productRefGroup = 63027FB2275C27D9004C14A2 /* Products */;
			projectDirPath = "";
			projectRoot = "";
			targets = (
				63027FB0275C27D9004C14A2 /* Batch */,
			);
		};
/* End PBXProject section */

/* Begin PBXResourcesBuildPhase section */
		63027FAF275C27D9004C14A2 /* Resources */ = {
			isa = PBXResourcesBuildPhase;
			buildActionMask = 2147483647;
			files = (
				6390F906275C7C1000793B0A /* Brown-Bold.ttf in Resources */,
				63FC062828625FDB001CF150 /* GoogleService-Info.plist in Resources */,
				63155D5928AEE938007854B3 /* countdown.mp3 in Resources */,
				63027FC1275C27DB004C14A2 /* LaunchScreen.storyboard in Resources */,
				63027FBE275C27DB004C14A2 /* Assets.xcassets in Resources */,
				63FE76142838745D00FE6A6E /* Gilroy-Bold.ttf in Resources */,
				6307B6C0280DFB2F00E5AE2E /* Gorga-Grotesque-Bold.otf in Resources */,
				63027FBC275C27D9004C14A2 /* Main.storyboard in Resources */,
				6375F6E128644AD000903BAA /* .gitignore in Resources */,
				6390F90A275D6B6100793B0A /* Gilroy-ExtraBold.otf in Resources */,
			);
			runOnlyForDeploymentPostprocessing = 0;
		};
/* End PBXResourcesBuildPhase section */

/* Begin PBXShellScriptBuildPhase section */
		4B1453EC66FE245F3BC1F961 /* [CP] Check Pods Manifest.lock */ = {
			isa = PBXShellScriptBuildPhase;
			buildActionMask = 2147483647;
			files = (
			);
			inputFileListPaths = (
			);
			inputPaths = (
				"${PODS_PODFILE_DIR_PATH}/Podfile.lock",
				"${PODS_ROOT}/Manifest.lock",
			);
			name = "[CP] Check Pods Manifest.lock";
			outputFileListPaths = (
			);
			outputPaths = (
				"$(DERIVED_FILE_DIR)/Pods-Batch-checkManifestLockResult.txt",
			);
			runOnlyForDeploymentPostprocessing = 0;
			shellPath = /bin/sh;
			shellScript = "diff \"${PODS_PODFILE_DIR_PATH}/Podfile.lock\" \"${PODS_ROOT}/Manifest.lock\" > /dev/null\nif [ $? != 0 ] ; then\n    # print error to STDERR\n    echo \"error: The sandbox is not in sync with the Podfile.lock. Run 'pod install' or update your CocoaPods installation.\" >&2\n    exit 1\nfi\n# This output is used by Xcode 'outputs' to avoid re-running this script phase.\necho \"SUCCESS\" > \"${SCRIPT_OUTPUT_FILE_0}\"\n";
			showEnvVarsInLog = 0;
		};
		EB8AA8DC57A6BE4EE699023E /* [CP] Embed Pods Frameworks */ = {
			isa = PBXShellScriptBuildPhase;
			buildActionMask = 2147483647;
			files = (
			);
			inputFileListPaths = (
				"${PODS_ROOT}/Target Support Files/Pods-Batch/Pods-Batch-frameworks-${CONFIGURATION}-input-files.xcfilelist",
			);
			name = "[CP] Embed Pods Frameworks";
			outputFileListPaths = (
				"${PODS_ROOT}/Target Support Files/Pods-Batch/Pods-Batch-frameworks-${CONFIGURATION}-output-files.xcfilelist",
			);
			runOnlyForDeploymentPostprocessing = 0;
			shellPath = /bin/sh;
			shellScript = "\"${PODS_ROOT}/Target Support Files/Pods-Batch/Pods-Batch-frameworks.sh\"\n";
			showEnvVarsInLog = 0;
		};
/* End PBXShellScriptBuildPhase section */

/* Begin PBXSourcesBuildPhase section */
		63027FAD275C27D9004C14A2 /* Sources */ = {
			isa = PBXSourcesBuildPhase;
			buildActionMask = 2147483647;
			files = (
				6390DD0428477DEA0025AD4E /* ViewControllerWithGradient.swift in Sources */,
				636AEA6A284A5473002B5A3F /* EmailInputViewController.swift in Sources */,
				63027FB9275C27D9004C14A2 /* HomeController.swift in Sources */,
				63AF6B7A2863BD0F009DF026 /* DatabaseManager.swift in Sources */,
				63D82F3E285A604E001D3DE7 /* ContinueButton.swift in Sources */,
				63D82F5F285BE8B5001D3DE7 /* CreateMessageView.swift in Sources */,
				63D82F3C285A2042001D3DE7 /* ProgressIndicatorView.swift in Sources */,
				6390F90C275D7B4400793B0A /* CircularImageView.swift in Sources */,
				63D82F3A2858FEE5001D3DE7 /* PhotosInputViewController.swift in Sources */,
				637A72DF289B250600FE4F32 /* PointsLabelBarView.swift in Sources */,
				63A357D4286C1BD8009AF192 /* Settings.swift in Sources */,
				63FE7610283724E700FE6A6E /* MessagesViewController.swift in Sources */,
				630CE4B5288BB45500D5EFD5 /* GamesNavigationController.swift in Sources */,
				63D82F49285AA972001D3DE7 /* RotationAnimation.swift in Sources */,
				63CB5401286F9CDB00FBB8C0 /* NetworkManager.swift in Sources */,
				63027FB5275C27D9004C14A2 /* AppDelegate.swift in Sources */,
				63FE76122837264500FE6A6E /* RankingsViewController.swift in Sources */,
				637A72EC289C95D400FE4F32 /* AcivityPopupView.swift in Sources */,
				63FE760E2836EE2400FE6A6E /* MainViewController.swift in Sources */,
				632CA62E2868D94B00B96FDC /* GraphicInfoView.swift in Sources */,
				635103DA2887800A0068D189 /* ImageProfileCell.swift in Sources */,
				637A72E2289B2E7500FE4F32 /* SchoolBarView.swift in Sources */,
				63EBAF2D28B9849E00BE670D /* ChatView.swift in Sources */,
				63D82F4B285AA9BF001D3DE7 /* StrokeAnimation.swift in Sources */,
				635103D5288500E80068D189 /* StatsStackView.swift in Sources */,
				6390DD0228477B8C0025AD4E /* SignedOutViewController.swift in Sources */,
				63A357D7286D0F38009AF192 /* ReusableTableViewController.swift in Sources */,
				63D82F51285B9196001D3DE7 /* InterestedInInputViewController.swift in Sources */,
				637A72EE289CE92600FE4F32 /* GlobalCountdown.swift in Sources */,
				6301C929287E1E98003B303D /* UserPhotosCollectionView.swift in Sources */,
				63155D5D28AF371F007854B3 /* QuestionCell.swift in Sources */,
				635103DC288780380068D189 /* LeadProfileCell.swift in Sources */,
				63FE7616283AD9AA00FE6A6E /* inviteFriendView.swift in Sources */,
				63CB5407286F9CDB00FBB8C0 /* Router.swift in Sources */,
				63E2EC1F28A0832F009BC6D2 /* ResponseCell.swift in Sources */,
				6307B6C2280DFD7400E5AE2E /* ProfileBoxView.swift in Sources */,
				63CB5406286F9CDB00FBB8C0 /* HTTPMethod.swift in Sources */,
				63FE7618283B2ED000FE6A6E /* UserCell.swift in Sources */,
				63D82F40285AA6A7001D3DE7 /* ValidityChecker.swift in Sources */,
				63A0B7D0284B7870006630F5 /* RegistrationViewController.swift in Sources */,
				63D82F59285BDD0D001D3DE7 /* AutoLayoutExtension.swift in Sources */,
				63D82F55285BD90B001D3DE7 /* GameViewController.swift in Sources */,
				635103D828877FDA0068D189 /* StatsProfileCell.swift in Sources */,
				637BEB6D27BB679E0074DD29 /* CustomViewControllerWithNav.swift in Sources */,
				63D82F4D285AA9E0001D3DE7 /* ProgressShapeLayer.swift in Sources */,
				63C1405428513EB6006850C5 /* UIKitExtensions.swift in Sources */,
				633FC8D228A2AF0400EF3B5B /* GameTimerView.swift in Sources */,
				63A0B7CE284B785F006630F5 /* VerificationLinkViewController.swift in Sources */,
				63CDBF43285D65E3001F1B4F /* ChatMessageCell.swift in Sources */,
				637A72E4289B540900FE4F32 /* PowerUpsView.swift in Sources */,
				63CB53FF286F9CDB00FBB8C0 /* URLParameterEncoder.swift in Sources */,
				6390F908275D5B8100793B0A /* statBox.swift in Sources */,
				63CB53FE286F9CDB00FBB8C0 /* ParameterEncoding.swift in Sources */,
				631991DA28B301F000505931 /* LobbyState.swift in Sources */,
				63B8FF852841937B0004B06B /* CountdownViewController.swift in Sources */,
				63D82F4F285AD578001D3DE7 /* GenderInputViewController.swift in Sources */,
				6307B6BD280DF29A00E5AE2E /* CountdownPreviewView.swift in Sources */,
				63CB5403286F9CDB00FBB8C0 /* BatchAPI.swift in Sources */,
				6301C92C287E62D5003B303D /* UserPhotoCell.swift in Sources */,
				63027FB7275C27D9004C14A2 /* SceneDelegate.swift in Sources */,
				63C1404F28512C09006850C5 /* NameInputViewController.swift in Sources */,
				63D82F61285C2017001D3DE7 /* GridLayout.swift in Sources */,
				637BEB6827BB28C40074DD29 /* FindGameController.swift in Sources */,
				63CB5408286F9CDB00FBB8C0 /* EndPointType.swift in Sources */,
				63CDBF45285D6621001F1B4F /* ChatInfoCell.swift in Sources */,
				635103E02887A50C0068D189 /* Game.swift in Sources */,
				63D82F5B285BE21C001D3DE7 /* GameHeaderView.swift in Sources */,
				632CA632286A60D100B96FDC /* SettingsCell.swift in Sources */,
				63D82F57285BDAEA001D3DE7 /* MessagesView.swift in Sources */,
				6375F6E32864ED9A00903BAA /* LocalStorage.swift in Sources */,
				63D82F5D285BE2EA001D3DE7 /* PlayersBubblesCollection.swift in Sources */,
				637BEB6A27BB2BD20074DD29 /* GameCardCell.swift in Sources */,
				63CB5400286F9CDB00FBB8C0 /* JSONParameterEncoder.swift in Sources */,
				63CE2DAD287007C60083CB46 /* Countdown.swift in Sources */,
				63E2EC1D28A05EBC009BC6D2 /* GameStatusBoxView.swift in Sources */,
				63FE7621283C630000FE6A6E /* Message.swift in Sources */,
				63A357D2286BD8E6009AF192 /* SettingsOptionsTableView.swift in Sources */,
				63155D5B28AF36D4007854B3 /* QuestionsView.swift in Sources */,
				63FE761C283C4DD700FE6A6E /* ViewControllerWithHeader.swift in Sources */,
				63AFA90C28C106F8009074DB /* UserBubbleCell.swift in Sources */,
				63CE2DB12872317D0083CB46 /* CustomTimer.swift in Sources */,
				638B7E1B2884A33A00AB73EA /* ProfileViewController.swift in Sources */,
				632CA6302868FF6800B96FDC /* PreferencesViewController.swift in Sources */,
				63D82F53285BA7D3001D3DE7 /* Gender.swift in Sources */,
				63FE761F283C623700FE6A6E /* User.swift in Sources */,
				638B7E19288471D600AB73EA /* MainCountdownView.swift in Sources */,
				63CB5405286F9CDB00FBB8C0 /* HTTPTask.swift in Sources */,
				63FE7623283C662900FE6A6E /* ChatPreviewCell.swift in Sources */,
				63C1405128512D6E006850C5 /* DateOfBirthInputViewController.swift in Sources */,
				635103D32884D7630068D189 /* ProfileCardView.swift in Sources */,
				63CB5404286F9CDB00FBB8C0 /* NetworkRouter.swift in Sources */,
			);
			runOnlyForDeploymentPostprocessing = 0;
		};
/* End PBXSourcesBuildPhase section */

/* Begin PBXVariantGroup section */
		63027FBA275C27D9004C14A2 /* Main.storyboard */ = {
			isa = PBXVariantGroup;
			children = (
				63027FBB275C27D9004C14A2 /* Base */,
			);
			name = Main.storyboard;
			sourceTree = "<group>";
		};
		63027FBF275C27DB004C14A2 /* LaunchScreen.storyboard */ = {
			isa = PBXVariantGroup;
			children = (
				63027FC0275C27DB004C14A2 /* Base */,
			);
			name = LaunchScreen.storyboard;
			sourceTree = "<group>";
		};
/* End PBXVariantGroup section */

/* Begin XCBuildConfiguration section */
		63027FC3275C27DB004C14A2 /* Debug */ = {
			isa = XCBuildConfiguration;
			buildSettings = {
				ALWAYS_SEARCH_USER_PATHS = NO;
				CLANG_ANALYZER_NONNULL = YES;
				CLANG_ANALYZER_NUMBER_OBJECT_CONVERSION = YES_AGGRESSIVE;
				CLANG_CXX_LANGUAGE_STANDARD = "gnu++17";
				CLANG_CXX_LIBRARY = "libc++";
				CLANG_ENABLE_MODULES = YES;
				CLANG_ENABLE_OBJC_ARC = YES;
				CLANG_ENABLE_OBJC_WEAK = YES;
				CLANG_WARN_BLOCK_CAPTURE_AUTORELEASING = YES;
				CLANG_WARN_BOOL_CONVERSION = YES;
				CLANG_WARN_COMMA = YES;
				CLANG_WARN_CONSTANT_CONVERSION = YES;
				CLANG_WARN_DEPRECATED_OBJC_IMPLEMENTATIONS = YES;
				CLANG_WARN_DIRECT_OBJC_ISA_USAGE = YES_ERROR;
				CLANG_WARN_DOCUMENTATION_COMMENTS = YES;
				CLANG_WARN_EMPTY_BODY = YES;
				CLANG_WARN_ENUM_CONVERSION = YES;
				CLANG_WARN_INFINITE_RECURSION = YES;
				CLANG_WARN_INT_CONVERSION = YES;
				CLANG_WARN_NON_LITERAL_NULL_CONVERSION = YES;
				CLANG_WARN_OBJC_IMPLICIT_RETAIN_SELF = YES;
				CLANG_WARN_OBJC_LITERAL_CONVERSION = YES;
				CLANG_WARN_OBJC_ROOT_CLASS = YES_ERROR;
				CLANG_WARN_QUOTED_INCLUDE_IN_FRAMEWORK_HEADER = YES;
				CLANG_WARN_RANGE_LOOP_ANALYSIS = YES;
				CLANG_WARN_STRICT_PROTOTYPES = YES;
				CLANG_WARN_SUSPICIOUS_MOVE = YES;
				CLANG_WARN_UNGUARDED_AVAILABILITY = YES_AGGRESSIVE;
				CLANG_WARN_UNREACHABLE_CODE = YES;
				CLANG_WARN__DUPLICATE_METHOD_MATCH = YES;
				COPY_PHASE_STRIP = NO;
				DEBUG_INFORMATION_FORMAT = dwarf;
				ENABLE_STRICT_OBJC_MSGSEND = YES;
				ENABLE_TESTABILITY = YES;
				GCC_C_LANGUAGE_STANDARD = gnu11;
				GCC_DYNAMIC_NO_PIC = NO;
				GCC_NO_COMMON_BLOCKS = YES;
				GCC_OPTIMIZATION_LEVEL = 0;
				GCC_PREPROCESSOR_DEFINITIONS = (
					"DEBUG=1",
					"$(inherited)",
				);
				GCC_WARN_64_TO_32_BIT_CONVERSION = YES;
				GCC_WARN_ABOUT_RETURN_TYPE = YES_ERROR;
				GCC_WARN_UNDECLARED_SELECTOR = YES;
				GCC_WARN_UNINITIALIZED_AUTOS = YES_AGGRESSIVE;
				GCC_WARN_UNUSED_FUNCTION = YES;
				GCC_WARN_UNUSED_VARIABLE = YES;
				IPHONEOS_DEPLOYMENT_TARGET = 15.0;
				MTL_ENABLE_DEBUG_INFO = INCLUDE_SOURCE;
				MTL_FAST_MATH = YES;
				ONLY_ACTIVE_ARCH = YES;
				SDKROOT = iphoneos;
				SWIFT_ACTIVE_COMPILATION_CONDITIONS = DEBUG;
				SWIFT_OPTIMIZATION_LEVEL = "-Onone";
			};
			name = Debug;
		};
		63027FC4275C27DB004C14A2 /* Release */ = {
			isa = XCBuildConfiguration;
			buildSettings = {
				ALWAYS_SEARCH_USER_PATHS = NO;
				CLANG_ANALYZER_NONNULL = YES;
				CLANG_ANALYZER_NUMBER_OBJECT_CONVERSION = YES_AGGRESSIVE;
				CLANG_CXX_LANGUAGE_STANDARD = "gnu++17";
				CLANG_CXX_LIBRARY = "libc++";
				CLANG_ENABLE_MODULES = YES;
				CLANG_ENABLE_OBJC_ARC = YES;
				CLANG_ENABLE_OBJC_WEAK = YES;
				CLANG_WARN_BLOCK_CAPTURE_AUTORELEASING = YES;
				CLANG_WARN_BOOL_CONVERSION = YES;
				CLANG_WARN_COMMA = YES;
				CLANG_WARN_CONSTANT_CONVERSION = YES;
				CLANG_WARN_DEPRECATED_OBJC_IMPLEMENTATIONS = YES;
				CLANG_WARN_DIRECT_OBJC_ISA_USAGE = YES_ERROR;
				CLANG_WARN_DOCUMENTATION_COMMENTS = YES;
				CLANG_WARN_EMPTY_BODY = YES;
				CLANG_WARN_ENUM_CONVERSION = YES;
				CLANG_WARN_INFINITE_RECURSION = YES;
				CLANG_WARN_INT_CONVERSION = YES;
				CLANG_WARN_NON_LITERAL_NULL_CONVERSION = YES;
				CLANG_WARN_OBJC_IMPLICIT_RETAIN_SELF = YES;
				CLANG_WARN_OBJC_LITERAL_CONVERSION = YES;
				CLANG_WARN_OBJC_ROOT_CLASS = YES_ERROR;
				CLANG_WARN_QUOTED_INCLUDE_IN_FRAMEWORK_HEADER = YES;
				CLANG_WARN_RANGE_LOOP_ANALYSIS = YES;
				CLANG_WARN_STRICT_PROTOTYPES = YES;
				CLANG_WARN_SUSPICIOUS_MOVE = YES;
				CLANG_WARN_UNGUARDED_AVAILABILITY = YES_AGGRESSIVE;
				CLANG_WARN_UNREACHABLE_CODE = YES;
				CLANG_WARN__DUPLICATE_METHOD_MATCH = YES;
				COPY_PHASE_STRIP = NO;
				DEBUG_INFORMATION_FORMAT = "dwarf-with-dsym";
				ENABLE_NS_ASSERTIONS = NO;
				ENABLE_STRICT_OBJC_MSGSEND = YES;
				GCC_C_LANGUAGE_STANDARD = gnu11;
				GCC_NO_COMMON_BLOCKS = YES;
				GCC_WARN_64_TO_32_BIT_CONVERSION = YES;
				GCC_WARN_ABOUT_RETURN_TYPE = YES_ERROR;
				GCC_WARN_UNDECLARED_SELECTOR = YES;
				GCC_WARN_UNINITIALIZED_AUTOS = YES_AGGRESSIVE;
				GCC_WARN_UNUSED_FUNCTION = YES;
				GCC_WARN_UNUSED_VARIABLE = YES;
				IPHONEOS_DEPLOYMENT_TARGET = 15.0;
				MTL_ENABLE_DEBUG_INFO = NO;
				MTL_FAST_MATH = YES;
				SDKROOT = iphoneos;
				SWIFT_COMPILATION_MODE = wholemodule;
				SWIFT_OPTIMIZATION_LEVEL = "-O";
				VALIDATE_PRODUCT = YES;
			};
			name = Release;
		};
		63027FC6275C27DB004C14A2 /* Debug */ = {
			isa = XCBuildConfiguration;
			baseConfigurationReference = 586F662ADC01F126FB8C1A57 /* Pods-Batch.debug.xcconfig */;
			buildSettings = {
				ASSETCATALOG_COMPILER_APPICON_NAME = AppIcon;
				ASSETCATALOG_COMPILER_GLOBAL_ACCENT_COLOR_NAME = AccentColor;
				CLANG_ENABLE_MODULES = YES;
				CODE_SIGN_STYLE = Automatic;
				CURRENT_PROJECT_VERSION = 1;
				DEVELOPMENT_TEAM = 6P6293GJ2Z;
				GENERATE_INFOPLIST_FILE = YES;
				INFOPLIST_FILE = Batch/Info.plist;
				INFOPLIST_KEY_UIApplicationSupportsIndirectInputEvents = YES;
				INFOPLIST_KEY_UILaunchStoryboardName = LaunchScreen;
				INFOPLIST_KEY_UIMainStoryboardFile = Main;
				INFOPLIST_KEY_UISupportedInterfaceOrientations = UIInterfaceOrientationPortrait;
				INFOPLIST_KEY_UISupportedInterfaceOrientations_iPad = "UIInterfaceOrientationPortrait UIInterfaceOrientationPortraitUpsideDown UIInterfaceOrientationLandscapeLeft UIInterfaceOrientationLandscapeRight";
				INFOPLIST_KEY_UISupportedInterfaceOrientations_iPhone = "UIInterfaceOrientationPortrait UIInterfaceOrientationLandscapeLeft UIInterfaceOrientationLandscapeRight";
				IPHONEOS_DEPLOYMENT_TARGET = 14.0;
				LD_RUNPATH_SEARCH_PATHS = (
					"$(inherited)",
					"@executable_path/Frameworks",
				);
				MARKETING_VERSION = 1.0;
				PRODUCT_BUNDLE_IDENTIFIER = com.bethebatch.Batch;
				PRODUCT_NAME = "$(TARGET_NAME)";
				SWIFT_EMIT_LOC_STRINGS = YES;
				SWIFT_OBJC_BRIDGING_HEADER = "Batch-Bridging-Header.h";
				SWIFT_OPTIMIZATION_LEVEL = "-Onone";
				SWIFT_VERSION = 5.0;
				TARGETED_DEVICE_FAMILY = "1,2";
			};
			name = Debug;
		};
		63027FC7275C27DB004C14A2 /* Release */ = {
			isa = XCBuildConfiguration;
			baseConfigurationReference = 0C4CB17CC9D7E59833F7BFE9 /* Pods-Batch.release.xcconfig */;
			buildSettings = {
				ASSETCATALOG_COMPILER_APPICON_NAME = AppIcon;
				ASSETCATALOG_COMPILER_GLOBAL_ACCENT_COLOR_NAME = AccentColor;
				CLANG_ENABLE_MODULES = YES;
				CODE_SIGN_STYLE = Automatic;
				CURRENT_PROJECT_VERSION = 1;
				DEVELOPMENT_TEAM = 6P6293GJ2Z;
				GENERATE_INFOPLIST_FILE = YES;
				INFOPLIST_FILE = Batch/Info.plist;
				INFOPLIST_KEY_UIApplicationSupportsIndirectInputEvents = YES;
				INFOPLIST_KEY_UILaunchStoryboardName = LaunchScreen;
				INFOPLIST_KEY_UIMainStoryboardFile = Main;
				INFOPLIST_KEY_UISupportedInterfaceOrientations = UIInterfaceOrientationPortrait;
				INFOPLIST_KEY_UISupportedInterfaceOrientations_iPad = "UIInterfaceOrientationPortrait UIInterfaceOrientationPortraitUpsideDown UIInterfaceOrientationLandscapeLeft UIInterfaceOrientationLandscapeRight";
				INFOPLIST_KEY_UISupportedInterfaceOrientations_iPhone = "UIInterfaceOrientationPortrait UIInterfaceOrientationLandscapeLeft UIInterfaceOrientationLandscapeRight";
				IPHONEOS_DEPLOYMENT_TARGET = 14.0;
				LD_RUNPATH_SEARCH_PATHS = (
					"$(inherited)",
					"@executable_path/Frameworks",
				);
				MARKETING_VERSION = 1.0;
				PRODUCT_BUNDLE_IDENTIFIER = com.bethebatch.Batch;
				PRODUCT_NAME = "$(TARGET_NAME)";
				SWIFT_EMIT_LOC_STRINGS = YES;
				SWIFT_OBJC_BRIDGING_HEADER = "Batch-Bridging-Header.h";
				SWIFT_VERSION = 5.0;
				TARGETED_DEVICE_FAMILY = "1,2";
			};
			name = Release;
		};
/* End XCBuildConfiguration section */

/* Begin XCConfigurationList section */
		63027FAC275C27D9004C14A2 /* Build configuration list for PBXProject "Batch" */ = {
			isa = XCConfigurationList;
			buildConfigurations = (
				63027FC3275C27DB004C14A2 /* Debug */,
				63027FC4275C27DB004C14A2 /* Release */,
			);
			defaultConfigurationIsVisible = 0;
			defaultConfigurationName = Release;
		};
		63027FC5275C27DB004C14A2 /* Build configuration list for PBXNativeTarget "Batch" */ = {
			isa = XCConfigurationList;
			buildConfigurations = (
				63027FC6275C27DB004C14A2 /* Debug */,
				63027FC7275C27DB004C14A2 /* Release */,
			);
			defaultConfigurationIsVisible = 0;
			defaultConfigurationName = Release;
		};
/* End XCConfigurationList section */

/* Begin XCRemoteSwiftPackageReference section */
		6375F6E42865048200903BAA /* XCRemoteSwiftPackageReference "Kingfisher" */ = {
			isa = XCRemoteSwiftPackageReference;
			repositoryURL = "https://github.com/onevcat/Kingfisher.git";
			requirement = {
				kind = upToNextMajorVersion;
				minimumVersion = 7.0.0;
			};
		};
/* End XCRemoteSwiftPackageReference section */

/* Begin XCSwiftPackageProductDependency section */
		6375F6E52865048200903BAA /* Kingfisher */ = {
			isa = XCSwiftPackageProductDependency;
			package = 6375F6E42865048200903BAA /* XCRemoteSwiftPackageReference "Kingfisher" */;
			productName = Kingfisher;
		};
/* End XCSwiftPackageProductDependency section */
	};
	rootObject = 63027FA9275C27D9004C14A2 /* Project object */;
}
